// !$*UTF8*$!
{
	archiveVersion = 1;
	classes = {
	};
	objectVersion = 55;
	objects = {

/* Begin PBXBuildFile section */
		7F621F0A282E46C2007FE06B /* Macro_Challenge_HurricaneApp.swift in Sources */ = {isa = PBXBuildFile; fileRef = 7F621F09282E46C2007FE06B /* Macro_Challenge_HurricaneApp.swift */; };
		7F621F0C282E46C2007FE06B /* ContentView.swift in Sources */ = {isa = PBXBuildFile; fileRef = 7F621F0B282E46C2007FE06B /* ContentView.swift */; };
		7F621F0E282E46C3007FE06B /* Assets.xcassets in Resources */ = {isa = PBXBuildFile; fileRef = 7F621F0D282E46C3007FE06B /* Assets.xcassets */; };
		7F621F11282E46C3007FE06B /* Preview Assets.xcassets in Resources */ = {isa = PBXBuildFile; fileRef = 7F621F10282E46C3007FE06B /* Preview Assets.xcassets */; };
		7F621F1B282E54CB007FE06B /* .gitignore in Resources */ = {isa = PBXBuildFile; fileRef = 7F621F1A282E54CB007FE06B /* .gitignore */; };
		9580C6092844DA1600042C2F /* Currencies.swift in Sources */ = {isa = PBXBuildFile; fileRef = 9580C6082844DA1600042C2F /* Currencies.swift */; };
		95FB55ED2837882C0095676E /* Mochi.swift in Sources */ = {isa = PBXBuildFile; fileRef = 95FB55EC2837882C0095676E /* Mochi.swift */; };
		95FB55EF2837AB3F0095676E /* TimeManager.swift in Sources */ = {isa = PBXBuildFile; fileRef = 95FB55EE2837AB3F0095676E /* TimeManager.swift */; };
/* End PBXBuildFile section */

/* Begin PBXFileReference section */
		7F621F06282E46C2007FE06B /* Macro-Challenge-Hurricane.app */ = {isa = PBXFileReference; explicitFileType = wrapper.application; includeInIndex = 0; path = "Macro-Challenge-Hurricane.app"; sourceTree = BUILT_PRODUCTS_DIR; };
		7F621F09282E46C2007FE06B /* Macro_Challenge_HurricaneApp.swift */ = {isa = PBXFileReference; lastKnownFileType = sourcecode.swift; path = Macro_Challenge_HurricaneApp.swift; sourceTree = "<group>"; };
		7F621F0B282E46C2007FE06B /* ContentView.swift */ = {isa = PBXFileReference; lastKnownFileType = sourcecode.swift; path = ContentView.swift; sourceTree = "<group>"; };
		7F621F0D282E46C3007FE06B /* Assets.xcassets */ = {isa = PBXFileReference; lastKnownFileType = folder.assetcatalog; path = Assets.xcassets; sourceTree = "<group>"; };
		7F621F10282E46C3007FE06B /* Preview Assets.xcassets */ = {isa = PBXFileReference; lastKnownFileType = folder.assetcatalog; path = "Preview Assets.xcassets"; sourceTree = "<group>"; };
		7F621F1A282E54CB007FE06B /* .gitignore */ = {isa = PBXFileReference; lastKnownFileType = text; path = .gitignore; sourceTree = "<group>"; };
		9580C6082844DA1600042C2F /* Currencies.swift */ = {isa = PBXFileReference; lastKnownFileType = sourcecode.swift; path = Currencies.swift; sourceTree = "<group>"; };
		95FB55EC2837882C0095676E /* Mochi.swift */ = {isa = PBXFileReference; lastKnownFileType = sourcecode.swift; path = Mochi.swift; sourceTree = "<group>"; };
		95FB55EE2837AB3F0095676E /* TimeManager.swift */ = {isa = PBXFileReference; lastKnownFileType = sourcecode.swift; path = TimeManager.swift; sourceTree = "<group>"; };
		95FB55F02840E64A0095676E /* Info.plist */ = {isa = PBXFileReference; lastKnownFileType = text.plist; path = Info.plist; sourceTree = "<group>"; };
/* End PBXFileReference section */

/* Begin PBXFrameworksBuildPhase section */
		7F621F03282E46C2007FE06B /* Frameworks */ = {
			isa = PBXFrameworksBuildPhase;
			buildActionMask = 2147483647;
			files = (
			);
			runOnlyForDeploymentPostprocessing = 0;
		};
/* End PBXFrameworksBuildPhase section */

/* Begin PBXGroup section */
		7F621EFD282E46C2007FE06B = {
			isa = PBXGroup;
			children = (
				7F621F08282E46C2007FE06B /* Macro-Challenge-Hurricane */,
				7F621F07282E46C2007FE06B /* Products */,
			);
			sourceTree = "<group>";
		};
		7F621F07282E46C2007FE06B /* Products */ = {
			isa = PBXGroup;
			children = (
				7F621F06282E46C2007FE06B /* Macro-Challenge-Hurricane.app */,
			);
			name = Products;
			sourceTree = "<group>";
		};
		7F621F08282E46C2007FE06B /* Macro-Challenge-Hurricane */ = {
			isa = PBXGroup;
			children = (
				95FB55F02840E64A0095676E /* Info.plist */,
				7F621F17282E5291007FE06B /* Git */,
				7F621F09282E46C2007FE06B /* Macro_Challenge_HurricaneApp.swift */,
				7F621F0B282E46C2007FE06B /* ContentView.swift */,
				95FB55EB2837880A0095676E /* Models */,
				7F621F0D282E46C3007FE06B /* Assets.xcassets */,
				7F621F0F282E46C3007FE06B /* Preview Content */,
			);
			path = "Macro-Challenge-Hurricane";
			sourceTree = "<group>";
		};
		7F621F0F282E46C3007FE06B /* Preview Content */ = {
			isa = PBXGroup;
			children = (
				7F621F10282E46C3007FE06B /* Preview Assets.xcassets */,
			);
			path = "Preview Content";
			sourceTree = "<group>";
		};
		7F621F17282E5291007FE06B /* Git */ = {
			isa = PBXGroup;
			children = (
				7F621F1A282E54CB007FE06B /* .gitignore */,
			);
			path = Git;
			sourceTree = "<group>";
		};
		95FB55EB2837880A0095676E /* Models */ = {
			isa = PBXGroup;
			children = (
				95FB55EC2837882C0095676E /* Mochi.swift */,
				95FB55EE2837AB3F0095676E /* TimeManager.swift */,
				9580C6082844DA1600042C2F /* Currencies.swift */,
			);
			path = Models;
			sourceTree = "<group>";
		};
/* End PBXGroup section */

/* Begin PBXNativeTarget section */
		7F621F05282E46C2007FE06B /* Macro-Challenge-Hurricane */ = {
			isa = PBXNativeTarget;
			buildConfigurationList = 7F621F14282E46C3007FE06B /* Build configuration list for PBXNativeTarget "Macro-Challenge-Hurricane" */;
			buildPhases = (
				7F621F02282E46C2007FE06B /* Sources */,
				7F621F03282E46C2007FE06B /* Frameworks */,
				7F621F04282E46C2007FE06B /* Resources */,
			);
			buildRules = (
			);
			dependencies = (
			);
			name = "Macro-Challenge-Hurricane";
			productName = "Macro-Challenge-Hurricane";
			productReference = 7F621F06282E46C2007FE06B /* Macro-Challenge-Hurricane.app */;
			productType = "com.apple.product-type.application";
		};
/* End PBXNativeTarget section */

/* Begin PBXProject section */
		7F621EFE282E46C2007FE06B /* Project object */ = {
			isa = PBXProject;
			attributes = {
				BuildIndependentTargetsInParallel = 1;
				LastSwiftUpdateCheck = 1330;
				LastUpgradeCheck = 1330;
				TargetAttributes = {
					7F621F05282E46C2007FE06B = {
						CreatedOnToolsVersion = 13.3.1;
					};
				};
			};
			buildConfigurationList = 7F621F01282E46C2007FE06B /* Build configuration list for PBXProject "Macro-Challenge-Hurricane" */;
			compatibilityVersion = "Xcode 13.0";
			developmentRegion = en;
			hasScannedForEncodings = 0;
			knownRegions = (
				en,
				Base,
			);
			mainGroup = 7F621EFD282E46C2007FE06B;
			productRefGroup = 7F621F07282E46C2007FE06B /* Products */;
			projectDirPath = "";
			projectRoot = "";
			targets = (
				7F621F05282E46C2007FE06B /* Macro-Challenge-Hurricane */,
			);
		};
/* End PBXProject section */

/* Begin PBXResourcesBuildPhase section */
		7F621F04282E46C2007FE06B /* Resources */ = {
			isa = PBXResourcesBuildPhase;
			buildActionMask = 2147483647;
			files = (
				7F621F11282E46C3007FE06B /* Preview Assets.xcassets in Resources */,
				7F621F1B282E54CB007FE06B /* .gitignore in Resources */,
				7F621F0E282E46C3007FE06B /* Assets.xcassets in Resources */,
			);
			runOnlyForDeploymentPostprocessing = 0;
		};
/* End PBXResourcesBuildPhase section */

/* Begin PBXSourcesBuildPhase section */
		7F621F02282E46C2007FE06B /* Sources */ = {
			isa = PBXSourcesBuildPhase;
			buildActionMask = 2147483647;
			files = (
				95FB55ED2837882C0095676E /* Mochi.swift in Sources */,
				7F621F0C282E46C2007FE06B /* ContentView.swift in Sources */,
				95FB55EF2837AB3F0095676E /* TimeManager.swift in Sources */,
				7F621F0A282E46C2007FE06B /* Macro_Challenge_HurricaneApp.swift in Sources */,
				9580C6092844DA1600042C2F /* Currencies.swift in Sources */,
			);
			runOnlyForDeploymentPostprocessing = 0;
		};
/* End PBXSourcesBuildPhase section */

/* Begin XCBuildConfiguration section */
		7F621F12282E46C3007FE06B /* Debug */ = {
			isa = XCBuildConfiguration;
			buildSettings = {
				ALWAYS_SEARCH_USER_PATHS = NO;
				CLANG_ANALYZER_NONNULL = YES;
				CLANG_ANALYZER_NUMBER_OBJECT_CONVERSION = YES_AGGRESSIVE;
				CLANG_CXX_LANGUAGE_STANDARD = "gnu++17";
				CLANG_ENABLE_MODULES = YES;
				CLANG_ENABLE_OBJC_ARC = YES;
				CLANG_ENABLE_OBJC_WEAK = YES;
				CLANG_WARN_BLOCK_CAPTURE_AUTORELEASING = YES;
				CLANG_WARN_BOOL_CONVERSION = YES;
				CLANG_WARN_COMMA = YES;
				CLANG_WARN_CONSTANT_CONVERSION = YES;
				CLANG_WARN_DEPRECATED_OBJC_IMPLEMENTATIONS = YES;
				CLANG_WARN_DIRECT_OBJC_ISA_USAGE = YES_ERROR;
				CLANG_WARN_DOCUMENTATION_COMMENTS = YES;
				CLANG_WARN_EMPTY_BODY = YES;
				CLANG_WARN_ENUM_CONVERSION = YES;
				CLANG_WARN_INFINITE_RECURSION = YES;
				CLANG_WARN_INT_CONVERSION = YES;
				CLANG_WARN_NON_LITERAL_NULL_CONVERSION = YES;
				CLANG_WARN_OBJC_IMPLICIT_RETAIN_SELF = YES;
				CLANG_WARN_OBJC_LITERAL_CONVERSION = YES;
				CLANG_WARN_OBJC_ROOT_CLASS = YES_ERROR;
				CLANG_WARN_QUOTED_INCLUDE_IN_FRAMEWORK_HEADER = YES;
				CLANG_WARN_RANGE_LOOP_ANALYSIS = YES;
				CLANG_WARN_STRICT_PROTOTYPES = YES;
				CLANG_WARN_SUSPICIOUS_MOVE = YES;
				CLANG_WARN_UNGUARDED_AVAILABILITY = YES_AGGRESSIVE;
				CLANG_WARN_UNREACHABLE_CODE = YES;
				CLANG_WARN__DUPLICATE_METHOD_MATCH = YES;
				COPY_PHASE_STRIP = NO;
				DEBUG_INFORMATION_FORMAT = dwarf;
				ENABLE_STRICT_OBJC_MSGSEND = YES;
				ENABLE_TESTABILITY = YES;
				GCC_C_LANGUAGE_STANDARD = gnu11;
				GCC_DYNAMIC_NO_PIC = NO;
				GCC_NO_COMMON_BLOCKS = YES;
				GCC_OPTIMIZATION_LEVEL = 0;
				GCC_PREPROCESSOR_DEFINITIONS = (
					"DEBUG=1",
					"$(inherited)",
				);
				GCC_WARN_64_TO_32_BIT_CONVERSION = YES;
				GCC_WARN_ABOUT_RETURN_TYPE = YES_ERROR;
				GCC_WARN_UNDECLARED_SELECTOR = YES;
				GCC_WARN_UNINITIALIZED_AUTOS = YES_AGGRESSIVE;
				GCC_WARN_UNUSED_FUNCTION = YES;
				GCC_WARN_UNUSED_VARIABLE = YES;
				IPHONEOS_DEPLOYMENT_TARGET = 15.4;
				MTL_ENABLE_DEBUG_INFO = INCLUDE_SOURCE;
				MTL_FAST_MATH = YES;
				ONLY_ACTIVE_ARCH = YES;
				SDKROOT = iphoneos;
				SWIFT_ACTIVE_COMPILATION_CONDITIONS = DEBUG;
				SWIFT_OPTIMIZATION_LEVEL = "-Onone";
			};
			name = Debug;
		};
		7F621F13282E46C3007FE06B /* Release */ = {
			isa = XCBuildConfiguration;
			buildSettings = {
				ALWAYS_SEARCH_USER_PATHS = NO;
				CLANG_ANALYZER_NONNULL = YES;
				CLANG_ANALYZER_NUMBER_OBJECT_CONVERSION = YES_AGGRESSIVE;
				CLANG_CXX_LANGUAGE_STANDARD = "gnu++17";
				CLANG_ENABLE_MODULES = YES;
				CLANG_ENABLE_OBJC_ARC = YES;
				CLANG_ENABLE_OBJC_WEAK = YES;
				CLANG_WARN_BLOCK_CAPTURE_AUTORELEASING = YES;
				CLANG_WARN_BOOL_CONVERSION = YES;
				CLANG_WARN_COMMA = YES;
				CLANG_WARN_CONSTANT_CONVERSION = YES;
				CLANG_WARN_DEPRECATED_OBJC_IMPLEMENTATIONS = YES;
				CLANG_WARN_DIRECT_OBJC_ISA_USAGE = YES_ERROR;
				CLANG_WARN_DOCUMENTATION_COMMENTS = YES;
				CLANG_WARN_EMPTY_BODY = YES;
				CLANG_WARN_ENUM_CONVERSION = YES;
				CLANG_WARN_INFINITE_RECURSION = YES;
				CLANG_WARN_INT_CONVERSION = YES;
				CLANG_WARN_NON_LITERAL_NULL_CONVERSION = YES;
				CLANG_WARN_OBJC_IMPLICIT_RETAIN_SELF = YES;
				CLANG_WARN_OBJC_LITERAL_CONVERSION = YES;
				CLANG_WARN_OBJC_ROOT_CLASS = YES_ERROR;
				CLANG_WARN_QUOTED_INCLUDE_IN_FRAMEWORK_HEADER = YES;
				CLANG_WARN_RANGE_LOOP_ANALYSIS = YES;
				CLANG_WARN_STRICT_PROTOTYPES = YES;
				CLANG_WARN_SUSPICIOUS_MOVE = YES;
				CLANG_WARN_UNGUARDED_AVAILABILITY = YES_AGGRESSIVE;
				CLANG_WARN_UNREACHABLE_CODE = YES;
				CLANG_WARN__DUPLICATE_METHOD_MATCH = YES;
				COPY_PHASE_STRIP = NO;
				DEBUG_INFORMATION_FORMAT = "dwarf-with-dsym";
				ENABLE_NS_ASSERTIONS = NO;
				ENABLE_STRICT_OBJC_MSGSEND = YES;
				GCC_C_LANGUAGE_STANDARD = gnu11;
				GCC_NO_COMMON_BLOCKS = YES;
				GCC_WARN_64_TO_32_BIT_CONVERSION = YES;
				GCC_WARN_ABOUT_RETURN_TYPE = YES_ERROR;
				GCC_WARN_UNDECLARED_SELECTOR = YES;
				GCC_WARN_UNINITIALIZED_AUTOS = YES_AGGRESSIVE;
				GCC_WARN_UNUSED_FUNCTION = YES;
				GCC_WARN_UNUSED_VARIABLE = YES;
				IPHONEOS_DEPLOYMENT_TARGET = 15.4;
				MTL_ENABLE_DEBUG_INFO = NO;
				MTL_FAST_MATH = YES;
				SDKROOT = iphoneos;
				SWIFT_COMPILATION_MODE = wholemodule;
				SWIFT_OPTIMIZATION_LEVEL = "-O";
				VALIDATE_PRODUCT = YES;
			};
			name = Release;
		};
		7F621F15282E46C3007FE06B /* Debug */ = {
			isa = XCBuildConfiguration;
			buildSettings = {
				ASSETCATALOG_COMPILER_APPICON_NAME = AppIcon;
				ASSETCATALOG_COMPILER_GLOBAL_ACCENT_COLOR_NAME = AccentColor;
				CODE_SIGN_STYLE = Automatic;
				CURRENT_PROJECT_VERSION = 1;
				DEVELOPMENT_ASSET_PATHS = "\"Macro-Challenge-Hurricane/Preview Content\"";
				ENABLE_PREVIEWS = YES;
				GENERATE_INFOPLIST_FILE = YES;
				INFOPLIST_FILE = "Macro-Challenge-Hurricane/Info.plist";
				INFOPLIST_KEY_UIApplicationSceneManifest_Generation = YES;
				INFOPLIST_KEY_UIApplicationSupportsIndirectInputEvents = YES;
				INFOPLIST_KEY_UILaunchScreen_Generation = YES;
				INFOPLIST_KEY_UISupportedInterfaceOrientations_iPad = "UIInterfaceOrientationPortrait UIInterfaceOrientationPortraitUpsideDown UIInterfaceOrientationLandscapeLeft UIInterfaceOrientationLandscapeRight";
				INFOPLIST_KEY_UISupportedInterfaceOrientations_iPhone = "UIInterfaceOrientationPortrait UIInterfaceOrientationLandscapeLeft UIInterfaceOrientationLandscapeRight";
				LD_RUNPATH_SEARCH_PATHS = (
					"$(inherited)",
					"@executable_path/Frameworks",
				);
				MARKETING_VERSION = 1.0;
				PRODUCT_BUNDLE_IDENTIFIER = "com.appleacademy.Macro-Challenge-Hurricane";
				PRODUCT_NAME = "$(TARGET_NAME)";
				SWIFT_EMIT_LOC_STRINGS = YES;
				SWIFT_VERSION = 5.0;
				TARGETED_DEVICE_FAMILY = "1,2";
			};
			name = Debug;
		};
		7F621F16282E46C3007FE06B /* Release */ = {
			isa = XCBuildConfiguration;
			buildSettings = {
				ASSETCATALOG_COMPILER_APPICON_NAME = AppIcon;
				ASSETCATALOG_COMPILER_GLOBAL_ACCENT_COLOR_NAME = AccentColor;
				CODE_SIGN_STYLE = Automatic;
				CURRENT_PROJECT_VERSION = 1;
				DEVELOPMENT_ASSET_PATHS = "\"Macro-Challenge-Hurricane/Preview Content\"";
				ENABLE_PREVIEWS = YES;
				GENERATE_INFOPLIST_FILE = YES;
				INFOPLIST_FILE = "Macro-Challenge-Hurricane/Info.plist";
				INFOPLIST_KEY_UIApplicationSceneManifest_Generation = YES;
				INFOPLIST_KEY_UIApplicationSupportsIndirectInputEvents = YES;
				INFOPLIST_KEY_UILaunchScreen_Generation = YES;
				INFOPLIST_KEY_UISupportedInterfaceOrientations_iPad = "UIInterfaceOrientationPortrait UIInterfaceOrientationPortraitUpsideDown UIInterfaceOrientationLandscapeLeft UIInterfaceOrientationLandscapeRight";
				INFOPLIST_KEY_UISupportedInterfaceOrientations_iPhone = "UIInterfaceOrientationPortrait UIInterfaceOrientationLandscapeLeft UIInterfaceOrientationLandscapeRight";
				LD_RUNPATH_SEARCH_PATHS = (
					"$(inherited)",
					"@executable_path/Frameworks",
				);
				MARKETING_VERSION = 1.0;
				PRODUCT_BUNDLE_IDENTIFIER = "com.appleacademy.Macro-Challenge-Hurricane";
				PRODUCT_NAME = "$(TARGET_NAME)";
				SWIFT_EMIT_LOC_STRINGS = YES;
				SWIFT_VERSION = 5.0;
				TARGETED_DEVICE_FAMILY = "1,2";
			};
			name = Release;
		};
/* End XCBuildConfiguration section */

/* Begin XCConfigurationList section */
		7F621F01282E46C2007FE06B /* Build configuration list for PBXProject "Macro-Challenge-Hurricane" */ = {
			isa = XCConfigurationList;
			buildConfigurations = (
				7F621F12282E46C3007FE06B /* Debug */,
				7F621F13282E46C3007FE06B /* Release */,
			);
			defaultConfigurationIsVisible = 0;
			defaultConfigurationName = Release;
		};
		7F621F14282E46C3007FE06B /* Build configuration list for PBXNativeTarget "Macro-Challenge-Hurricane" */ = {
			isa = XCConfigurationList;
			buildConfigurations = (
				7F621F15282E46C3007FE06B /* Debug */,
				7F621F16282E46C3007FE06B /* Release */,
			);
			defaultConfigurationIsVisible = 0;
			defaultConfigurationName = Release;
		};
/* End XCConfigurationList section */
	};
	rootObject = 7F621EFE282E46C2007FE06B /* Project object */;
}
