// !$*UTF8*$!
{
	archiveVersion = 1;
	classes = {
	};
	objectVersion = 55;
	objects = {

/* Begin PBXBuildFile section */
		480FA208284E01A800C62847 /* CornerScene.swift in Sources */ = {isa = PBXBuildFile; fileRef = 480FA207284E01A800C62847 /* CornerScene.swift */; };
		480FA20A284E066C00C62847 /* CornerSceneView.swift in Sources */ = {isa = PBXBuildFile; fileRef = 480FA209284E066C00C62847 /* CornerSceneView.swift */; };
		48EE65A62837AC1E00B0D986 /* RhytmGame.swift in Sources */ = {isa = PBXBuildFile; fileRef = 48EE65A52837AC1E00B0D986 /* RhytmGame.swift */; };
		48EE65B2283B839300B0D986 /* TamagotchiMainScene.swift in Sources */ = {isa = PBXBuildFile; fileRef = 48EE65B1283B839300B0D986 /* TamagotchiMainScene.swift */; };
		48EE65B4283B947800B0D986 /* TamagotchiView.swift in Sources */ = {isa = PBXBuildFile; fileRef = 48EE65B3283B947800B0D986 /* TamagotchiView.swift */; };
		48EE65B6283CCEF000B0D986 /* RhytmGameView.swift in Sources */ = {isa = PBXBuildFile; fileRef = 48EE65B5283CCEF000B0D986 /* RhytmGameView.swift */; };
		48EE65B8283CEF9300B0D986 /* RGPhysicsCategory.swift in Sources */ = {isa = PBXBuildFile; fileRef = 48EE65B7283CEF9300B0D986 /* RGPhysicsCategory.swift */; };
		48EE65BC2844DAB400B0D986 /* ShopScene.swift in Sources */ = {isa = PBXBuildFile; fileRef = 48EE65BB2844DAB400B0D986 /* ShopScene.swift */; };
		7F621F0E282E46C3007FE06B /* Assets.xcassets in Resources */ = {isa = PBXBuildFile; fileRef = 7F621F0D282E46C3007FE06B /* Assets.xcassets */; };
		7F621F11282E46C3007FE06B /* Preview Assets.xcassets in Resources */ = {isa = PBXBuildFile; fileRef = 7F621F10282E46C3007FE06B /* Preview Assets.xcassets */; };
		7F621F1B282E54CB007FE06B /* .gitignore in Resources */ = {isa = PBXBuildFile; fileRef = 7F621F1A282E54CB007FE06B /* .gitignore */; };
		9607AA132850B234009EBC1A /* ContentView.swift in Sources */ = {isa = PBXBuildFile; fileRef = 9607AA122850B234009EBC1A /* ContentView.swift */; };
		96228F33283F8ED3008EF30D /* CGFloat_Ext.swift in Sources */ = {isa = PBXBuildFile; fileRef = 96228F32283F8ED3008EF30D /* CGFloat_Ext.swift */; };
		963D5A9B2834EA59008ECEC7 /* Lottie in Frameworks */ = {isa = PBXBuildFile; productRef = 963D5A9A2834EA59008ECEC7 /* Lottie */; };
		963D5AB82834EE31008ECEC7 /* Localizable.strings in Resources */ = {isa = PBXBuildFile; fileRef = 963D5ABA2834EE31008ECEC7 /* Localizable.strings */; };
		963D5AC22834F301008ECEC7 /* blender.json in Resources */ = {isa = PBXBuildFile; fileRef = 963D5AC12834F301008ECEC7 /* blender.json */; };
		963D5AC92834F5E8008ECEC7 /* LottieView.swift in Sources */ = {isa = PBXBuildFile; fileRef = 963D5AC82834F5E8008ECEC7 /* LottieView.swift */; };
		963D5ACA2834F5E8008ECEC7 /* Macro_Challenge_HurricaneApp.swift in Sources */ = {isa = PBXBuildFile; fileRef = 963D5AC72834F5E8008ECEC7 /* Macro_Challenge_HurricaneApp.swift */; };
		963D5ACE2834F626008ECEC7 /* BottomText.swift in Sources */ = {isa = PBXBuildFile; fileRef = 963D5ACD2834F626008ECEC7 /* BottomText.swift */; };
		963D5AD62834F62D008ECEC7 /* ResultsViewModel.swift in Sources */ = {isa = PBXBuildFile; fileRef = 963D5ACF2834F62C008ECEC7 /* ResultsViewModel.swift */; };
		963D5AD72834F62D008ECEC7 /* QuizGame.swift in Sources */ = {isa = PBXBuildFile; fileRef = 963D5AD22834F62C008ECEC7 /* QuizGame.swift */; };
		963D5AD82834F62D008ECEC7 /* ResultsView.swift in Sources */ = {isa = PBXBuildFile; fileRef = 963D5AD12834F62C008ECEC7 /* ResultsView.swift */; };
		963D5AD92834F62D008ECEC7 /* GameViewModel.swift in Sources */ = {isa = PBXBuildFile; fileRef = 963D5AD02834F62C008ECEC7 /* GameViewModel.swift */; };
		963D5ADA2834F62D008ECEC7 /* Quiz.swift in Sources */ = {isa = PBXBuildFile; fileRef = 963D5AD52834F62D008ECEC7 /* Quiz.swift */; };
		963D5ADB2834F62D008ECEC7 /* QuizWelcomeView.swift in Sources */ = {isa = PBXBuildFile; fileRef = 963D5AD42834F62C008ECEC7 /* QuizWelcomeView.swift */; };
		963D5ADC2834F62D008ECEC7 /* Question.swift in Sources */ = {isa = PBXBuildFile; fileRef = 963D5AD32834F62C008ECEC7 /* Question.swift */; };
		9678EF8E284745A600AE1C4E /* BathroomScene.swift in Sources */ = {isa = PBXBuildFile; fileRef = 9678EF8D284745A600AE1C4E /* BathroomScene.swift */; };
		9678EF90284747BC00AE1C4E /* BathroomSceneView.swift in Sources */ = {isa = PBXBuildFile; fileRef = 9678EF8F284747BC00AE1C4E /* BathroomSceneView.swift */; };
		9678EF9228476C7E00AE1C4E /* BedroomView.swift in Sources */ = {isa = PBXBuildFile; fileRef = 9678EF9128476C7E00AE1C4E /* BedroomView.swift */; };
		9678EF9428476CAC00AE1C4E /* BedroomScene.swift in Sources */ = {isa = PBXBuildFile; fileRef = 9678EF9328476CAC00AE1C4E /* BedroomScene.swift */; };
		968566E12844DDA8000D06BA /* InventoryScene.swift in Sources */ = {isa = PBXBuildFile; fileRef = 968566E02844DDA8000D06BA /* InventoryScene.swift */; };
		968566E32844DEAE000D06BA /* CustomizationScene.swift in Sources */ = {isa = PBXBuildFile; fileRef = 968566E22844DEAE000D06BA /* CustomizationScene.swift */; };
		968566E52844DF2A000D06BA /* MinigamesScene.swift in Sources */ = {isa = PBXBuildFile; fileRef = 968566E42844DF2A000D06BA /* MinigamesScene.swift */; };
/* End PBXBuildFile section */

/* Begin PBXFileReference section */
		480FA207284E01A800C62847 /* CornerScene.swift */ = {isa = PBXFileReference; lastKnownFileType = sourcecode.swift; path = CornerScene.swift; sourceTree = "<group>"; };
		480FA209284E066C00C62847 /* CornerSceneView.swift */ = {isa = PBXFileReference; lastKnownFileType = sourcecode.swift; path = CornerSceneView.swift; sourceTree = "<group>"; };
		48EE65A52837AC1E00B0D986 /* RhytmGame.swift */ = {isa = PBXFileReference; lastKnownFileType = sourcecode.swift; path = RhytmGame.swift; sourceTree = "<group>"; };
		48EE65B1283B839300B0D986 /* TamagotchiMainScene.swift */ = {isa = PBXFileReference; lastKnownFileType = sourcecode.swift; path = TamagotchiMainScene.swift; sourceTree = "<group>"; };
		48EE65B3283B947800B0D986 /* TamagotchiView.swift */ = {isa = PBXFileReference; lastKnownFileType = sourcecode.swift; path = TamagotchiView.swift; sourceTree = "<group>"; };
		48EE65B5283CCEF000B0D986 /* RhytmGameView.swift */ = {isa = PBXFileReference; lastKnownFileType = sourcecode.swift; path = RhytmGameView.swift; sourceTree = "<group>"; };
		48EE65B7283CEF9300B0D986 /* RGPhysicsCategory.swift */ = {isa = PBXFileReference; lastKnownFileType = sourcecode.swift; path = RGPhysicsCategory.swift; sourceTree = "<group>"; };
		48EE65BB2844DAB400B0D986 /* ShopScene.swift */ = {isa = PBXFileReference; lastKnownFileType = sourcecode.swift; path = ShopScene.swift; sourceTree = "<group>"; };
		7F621F06282E46C2007FE06B /* Macro-Challenge-Hurricane.app */ = {isa = PBXFileReference; explicitFileType = wrapper.application; includeInIndex = 0; path = "Macro-Challenge-Hurricane.app"; sourceTree = BUILT_PRODUCTS_DIR; };
		7F621F0D282E46C3007FE06B /* Assets.xcassets */ = {isa = PBXFileReference; lastKnownFileType = folder.assetcatalog; path = Assets.xcassets; sourceTree = "<group>"; };
		7F621F10282E46C3007FE06B /* Preview Assets.xcassets */ = {isa = PBXFileReference; lastKnownFileType = folder.assetcatalog; path = "Preview Assets.xcassets"; sourceTree = "<group>"; };
		7F621F1A282E54CB007FE06B /* .gitignore */ = {isa = PBXFileReference; lastKnownFileType = text; path = .gitignore; sourceTree = "<group>"; };
		9607AA122850B234009EBC1A /* ContentView.swift */ = {isa = PBXFileReference; lastKnownFileType = sourcecode.swift; path = ContentView.swift; sourceTree = "<group>"; };
		961E4D672846563800FC8B65 /* Info.plist */ = {isa = PBXFileReference; lastKnownFileType = text.plist; path = Info.plist; sourceTree = "<group>"; };
		96228F32283F8ED3008EF30D /* CGFloat_Ext.swift */ = {isa = PBXFileReference; lastKnownFileType = sourcecode.swift; path = CGFloat_Ext.swift; sourceTree = "<group>"; };
		963D5AB92834EE31008ECEC7 /* en */ = {isa = PBXFileReference; lastKnownFileType = text.plist.strings; name = en; path = en.lproj/Localizable.strings; sourceTree = "<group>"; };
		963D5ABB2834EE35008ECEC7 /* it */ = {isa = PBXFileReference; lastKnownFileType = text.plist.strings; name = it; path = it.lproj/Localizable.strings; sourceTree = "<group>"; };
		963D5AC12834F301008ECEC7 /* blender.json */ = {isa = PBXFileReference; fileEncoding = 4; lastKnownFileType = text.json; path = blender.json; sourceTree = "<group>"; };
		963D5AC72834F5E8008ECEC7 /* Macro_Challenge_HurricaneApp.swift */ = {isa = PBXFileReference; lastKnownFileType = sourcecode.swift; path = Macro_Challenge_HurricaneApp.swift; sourceTree = "<group>"; };
		963D5AC82834F5E8008ECEC7 /* LottieView.swift */ = {isa = PBXFileReference; lastKnownFileType = sourcecode.swift; path = LottieView.swift; sourceTree = "<group>"; };
		963D5ACD2834F626008ECEC7 /* BottomText.swift */ = {isa = PBXFileReference; lastKnownFileType = sourcecode.swift; path = BottomText.swift; sourceTree = "<group>"; };
		963D5ACF2834F62C008ECEC7 /* ResultsViewModel.swift */ = {isa = PBXFileReference; lastKnownFileType = sourcecode.swift; path = ResultsViewModel.swift; sourceTree = "<group>"; };
		963D5AD02834F62C008ECEC7 /* GameViewModel.swift */ = {isa = PBXFileReference; lastKnownFileType = sourcecode.swift; path = GameViewModel.swift; sourceTree = "<group>"; };
		963D5AD12834F62C008ECEC7 /* ResultsView.swift */ = {isa = PBXFileReference; lastKnownFileType = sourcecode.swift; path = ResultsView.swift; sourceTree = "<group>"; };
		963D5AD22834F62C008ECEC7 /* QuizGame.swift */ = {isa = PBXFileReference; lastKnownFileType = sourcecode.swift; path = QuizGame.swift; sourceTree = "<group>"; };
		963D5AD32834F62C008ECEC7 /* Question.swift */ = {isa = PBXFileReference; lastKnownFileType = sourcecode.swift; path = Question.swift; sourceTree = "<group>"; };
		963D5AD42834F62C008ECEC7 /* QuizWelcomeView.swift */ = {isa = PBXFileReference; lastKnownFileType = sourcecode.swift; path = QuizWelcomeView.swift; sourceTree = "<group>"; };
		963D5AD52834F62D008ECEC7 /* Quiz.swift */ = {isa = PBXFileReference; lastKnownFileType = sourcecode.swift; path = Quiz.swift; sourceTree = "<group>"; };
		9678EF8D284745A600AE1C4E /* BathroomScene.swift */ = {isa = PBXFileReference; lastKnownFileType = sourcecode.swift; path = BathroomScene.swift; sourceTree = "<group>"; };
		9678EF8F284747BC00AE1C4E /* BathroomSceneView.swift */ = {isa = PBXFileReference; lastKnownFileType = sourcecode.swift; path = BathroomSceneView.swift; sourceTree = "<group>"; };
		9678EF9128476C7E00AE1C4E /* BedroomView.swift */ = {isa = PBXFileReference; lastKnownFileType = sourcecode.swift; path = BedroomView.swift; sourceTree = "<group>"; };
		9678EF9328476CAC00AE1C4E /* BedroomScene.swift */ = {isa = PBXFileReference; lastKnownFileType = sourcecode.swift; path = BedroomScene.swift; sourceTree = "<group>"; };
		968566E02844DDA8000D06BA /* InventoryScene.swift */ = {isa = PBXFileReference; lastKnownFileType = sourcecode.swift; path = InventoryScene.swift; sourceTree = "<group>"; };
		968566E22844DEAE000D06BA /* CustomizationScene.swift */ = {isa = PBXFileReference; lastKnownFileType = sourcecode.swift; path = CustomizationScene.swift; sourceTree = "<group>"; };
		968566E42844DF2A000D06BA /* MinigamesScene.swift */ = {isa = PBXFileReference; lastKnownFileType = sourcecode.swift; path = MinigamesScene.swift; sourceTree = "<group>"; };
/* End PBXFileReference section */

/* Begin PBXFrameworksBuildPhase section */
		7F621F03282E46C2007FE06B /* Frameworks */ = {
			isa = PBXFrameworksBuildPhase;
			buildActionMask = 2147483647;
			files = (
				963D5A9B2834EA59008ECEC7 /* Lottie in Frameworks */,
			);
			runOnlyForDeploymentPostprocessing = 0;
		};
/* End PBXFrameworksBuildPhase section */

/* Begin PBXGroup section */
		48EE65A42837ABE500B0D986 /* RhytmGame */ = {
			isa = PBXGroup;
			children = (
				48EE65A52837AC1E00B0D986 /* RhytmGame.swift */,
				48EE65B5283CCEF000B0D986 /* RhytmGameView.swift */,
				48EE65B7283CEF9300B0D986 /* RGPhysicsCategory.swift */,
				96228F32283F8ED3008EF30D /* CGFloat_Ext.swift */,
			);
			name = RhytmGame;
			path = Quiz/RhytmGame;
			sourceTree = "<group>";
		};
		48EE65A92837B1DB00B0D986 /* Resources */ = {
			isa = PBXGroup;
			children = (
			);
			path = Resources;
			sourceTree = "<group>";
		};
		48EE65B0283B835600B0D986 /* Tamagotchi */ = {
			isa = PBXGroup;
			children = (
				48EE65B1283B839300B0D986 /* TamagotchiMainScene.swift */,
				9678EF9328476CAC00AE1C4E /* BedroomScene.swift */,
				9678EF8D284745A600AE1C4E /* BathroomScene.swift */,
				480FA209284E066C00C62847 /* CornerSceneView.swift */,
				968566E22844DEAE000D06BA /* CustomizationScene.swift */,
				968566E42844DF2A000D06BA /* MinigamesScene.swift */,
				480FA207284E01A800C62847 /* CornerScene.swift */,
				968566E02844DDA8000D06BA /* InventoryScene.swift */,
				48EE65B3283B947800B0D986 /* TamagotchiView.swift */,
				9678EF8F284747BC00AE1C4E /* BathroomSceneView.swift */,
				9678EF9128476C7E00AE1C4E /* BedroomView.swift */,
				48EE65BB2844DAB400B0D986 /* ShopScene.swift */,
			);
			path = Tamagotchi;
			sourceTree = "<group>";
		};
		7F621EFD282E46C2007FE06B = {
			isa = PBXGroup;
			children = (
				7F621F08282E46C2007FE06B /* Macro-Challenge-Hurricane */,
				7F621F07282E46C2007FE06B /* Products */,
			);
			sourceTree = "<group>";
		};
		7F621F07282E46C2007FE06B /* Products */ = {
			isa = PBXGroup;
			children = (
				7F621F06282E46C2007FE06B /* Macro-Challenge-Hurricane.app */,
			);
			name = Products;
			sourceTree = "<group>";
		};
		7F621F08282E46C2007FE06B /* Macro-Challenge-Hurricane */ = {
			isa = PBXGroup;
			children = (
				961E4D672846563800FC8B65 /* Info.plist */,
				48EE65A92837B1DB00B0D986 /* Resources */,
				963D5ADD2834F859008ECEC7 /* Quiz */,
				963D5AC02834F2D6008ECEC7 /* LottieTest */,
				48EE65A42837ABE500B0D986 /* RhytmGame */,
				48EE65B0283B835600B0D986 /* Tamagotchi */,
				7F621F17282E5291007FE06B /* Git */,
				963D5AC82834F5E8008ECEC7 /* LottieView.swift */,
				963D5AC72834F5E8008ECEC7 /* Macro_Challenge_HurricaneApp.swift */,
				9607AA122850B234009EBC1A /* ContentView.swift */,
				7F621F0D282E46C3007FE06B /* Assets.xcassets */,
				7F621F0F282E46C3007FE06B /* Preview Content */,
				963D5ABA2834EE31008ECEC7 /* Localizable.strings */,
			);
			path = "Macro-Challenge-Hurricane";
			sourceTree = "<group>";
		};
		7F621F0F282E46C3007FE06B /* Preview Content */ = {
			isa = PBXGroup;
			children = (
				7F621F10282E46C3007FE06B /* Preview Assets.xcassets */,
			);
			path = "Preview Content";
			sourceTree = "<group>";
		};
		7F621F17282E5291007FE06B /* Git */ = {
			isa = PBXGroup;
			children = (
				7F621F1A282E54CB007FE06B /* .gitignore */,
			);
			path = Git;
			sourceTree = "<group>";
		};
		963D5AC02834F2D6008ECEC7 /* LottieTest */ = {
			isa = PBXGroup;
			children = (
				963D5AC12834F301008ECEC7 /* blender.json */,
			);
			path = LottieTest;
			sourceTree = "<group>";
		};
		963D5ADD2834F859008ECEC7 /* Quiz */ = {
			isa = PBXGroup;
			children = (
				963D5AD02834F62C008ECEC7 /* GameViewModel.swift */,
				963D5AD32834F62C008ECEC7 /* Question.swift */,
				963D5AD52834F62D008ECEC7 /* Quiz.swift */,
				963D5AD22834F62C008ECEC7 /* QuizGame.swift */,
				963D5AD42834F62C008ECEC7 /* QuizWelcomeView.swift */,
				963D5AD12834F62C008ECEC7 /* ResultsView.swift */,
				963D5ACF2834F62C008ECEC7 /* ResultsViewModel.swift */,
				963D5ACD2834F626008ECEC7 /* BottomText.swift */,
			);
			path = Quiz;
			sourceTree = "<group>";
		};
/* End PBXGroup section */

/* Begin PBXNativeTarget section */
		7F621F05282E46C2007FE06B /* Macro-Challenge-Hurricane */ = {
			isa = PBXNativeTarget;
			buildConfigurationList = 7F621F14282E46C3007FE06B /* Build configuration list for PBXNativeTarget "Macro-Challenge-Hurricane" */;
			buildPhases = (
				7F621F02282E46C2007FE06B /* Sources */,
				7F621F03282E46C2007FE06B /* Frameworks */,
				7F621F04282E46C2007FE06B /* Resources */,
			);
			buildRules = (
			);
			dependencies = (
			);
			name = "Macro-Challenge-Hurricane";
			packageProductDependencies = (
				963D5A9A2834EA59008ECEC7 /* Lottie */,
			);
			productName = "Macro-Challenge-Hurricane";
			productReference = 7F621F06282E46C2007FE06B /* Macro-Challenge-Hurricane.app */;
			productType = "com.apple.product-type.application";
		};
/* End PBXNativeTarget section */

/* Begin PBXProject section */
		7F621EFE282E46C2007FE06B /* Project object */ = {
			isa = PBXProject;
			attributes = {
				BuildIndependentTargetsInParallel = 1;
				LastSwiftUpdateCheck = 1330;
				LastUpgradeCheck = 1330;
				TargetAttributes = {
					7F621F05282E46C2007FE06B = {
						CreatedOnToolsVersion = 13.3.1;
					};
				};
			};
			buildConfigurationList = 7F621F01282E46C2007FE06B /* Build configuration list for PBXProject "Macro-Challenge-Hurricane" */;
			compatibilityVersion = "Xcode 13.0";
			developmentRegion = en;
			hasScannedForEncodings = 0;
			knownRegions = (
				en,
				Base,
				it,
			);
			mainGroup = 7F621EFD282E46C2007FE06B;
			packageReferences = (
				963D5A992834EA59008ECEC7 /* XCRemoteSwiftPackageReference "lottie-ios" */,
			);
			productRefGroup = 7F621F07282E46C2007FE06B /* Products */;
			projectDirPath = "";
			projectRoot = "";
			targets = (
				7F621F05282E46C2007FE06B /* Macro-Challenge-Hurricane */,
			);
		};
/* End PBXProject section */

/* Begin PBXResourcesBuildPhase section */
		7F621F04282E46C2007FE06B /* Resources */ = {
			isa = PBXResourcesBuildPhase;
			buildActionMask = 2147483647;
			files = (
				963D5AB82834EE31008ECEC7 /* Localizable.strings in Resources */,
				7F621F11282E46C3007FE06B /* Preview Assets.xcassets in Resources */,
				7F621F1B282E54CB007FE06B /* .gitignore in Resources */,
				963D5AC22834F301008ECEC7 /* blender.json in Resources */,
				7F621F0E282E46C3007FE06B /* Assets.xcassets in Resources */,
			);
			runOnlyForDeploymentPostprocessing = 0;
		};
/* End PBXResourcesBuildPhase section */

/* Begin PBXSourcesBuildPhase section */
		7F621F02282E46C2007FE06B /* Sources */ = {
			isa = PBXSourcesBuildPhase;
			buildActionMask = 2147483647;
			files = (
				48EE65B4283B947800B0D986 /* TamagotchiView.swift in Sources */,
				9678EF9428476CAC00AE1C4E /* BedroomScene.swift in Sources */,
				48EE65B2283B839300B0D986 /* TamagotchiMainScene.swift in Sources */,
				968566E32844DEAE000D06BA /* CustomizationScene.swift in Sources */,
				96228F33283F8ED3008EF30D /* CGFloat_Ext.swift in Sources */,
				963D5AD72834F62D008ECEC7 /* QuizGame.swift in Sources */,
				963D5ACA2834F5E8008ECEC7 /* Macro_Challenge_HurricaneApp.swift in Sources */,
				480FA208284E01A800C62847 /* CornerScene.swift in Sources */,
				9678EF8E284745A600AE1C4E /* BathroomScene.swift in Sources */,
				9678EF9228476C7E00AE1C4E /* BedroomView.swift in Sources */,
				963D5AD62834F62D008ECEC7 /* ResultsViewModel.swift in Sources */,
				9678EF90284747BC00AE1C4E /* BathroomSceneView.swift in Sources */,
				963D5ACE2834F626008ECEC7 /* BottomText.swift in Sources */,
				48EE65B6283CCEF000B0D986 /* RhytmGameView.swift in Sources */,
				9607AA132850B234009EBC1A /* ContentView.swift in Sources */,
				968566E12844DDA8000D06BA /* InventoryScene.swift in Sources */,
				963D5ADB2834F62D008ECEC7 /* QuizWelcomeView.swift in Sources */,
				480FA20A284E066C00C62847 /* CornerSceneView.swift in Sources */,
				963D5AD92834F62D008ECEC7 /* GameViewModel.swift in Sources */,
				963D5AD82834F62D008ECEC7 /* ResultsView.swift in Sources */,
				963D5AC92834F5E8008ECEC7 /* LottieView.swift in Sources */,
				48EE65BC2844DAB400B0D986 /* ShopScene.swift in Sources */,
				963D5ADC2834F62D008ECEC7 /* Question.swift in Sources */,
				48EE65B8283CEF9300B0D986 /* RGPhysicsCategory.swift in Sources */,
				968566E52844DF2A000D06BA /* MinigamesScene.swift in Sources */,
				48EE65A62837AC1E00B0D986 /* RhytmGame.swift in Sources */,
				963D5ADA2834F62D008ECEC7 /* Quiz.swift in Sources */,
			);
			runOnlyForDeploymentPostprocessing = 0;
		};
/* End PBXSourcesBuildPhase section */

/* Begin PBXVariantGroup section */
		963D5ABA2834EE31008ECEC7 /* Localizable.strings */ = {
			isa = PBXVariantGroup;
			children = (
				963D5AB92834EE31008ECEC7 /* en */,
				963D5ABB2834EE35008ECEC7 /* it */,
			);
			name = Localizable.strings;
			sourceTree = "<group>";
		};
/* End PBXVariantGroup section */

/* Begin XCBuildConfiguration section */
		7F621F12282E46C3007FE06B /* Debug */ = {
			isa = XCBuildConfiguration;
			buildSettings = {
				ALWAYS_SEARCH_USER_PATHS = NO;
				CLANG_ANALYZER_NONNULL = YES;
				CLANG_ANALYZER_NUMBER_OBJECT_CONVERSION = YES_AGGRESSIVE;
				CLANG_CXX_LANGUAGE_STANDARD = "gnu++17";
				CLANG_ENABLE_MODULES = YES;
				CLANG_ENABLE_OBJC_ARC = YES;
				CLANG_ENABLE_OBJC_WEAK = YES;
				CLANG_WARN_BLOCK_CAPTURE_AUTORELEASING = YES;
				CLANG_WARN_BOOL_CONVERSION = YES;
				CLANG_WARN_COMMA = YES;
				CLANG_WARN_CONSTANT_CONVERSION = YES;
				CLANG_WARN_DEPRECATED_OBJC_IMPLEMENTATIONS = YES;
				CLANG_WARN_DIRECT_OBJC_ISA_USAGE = YES_ERROR;
				CLANG_WARN_DOCUMENTATION_COMMENTS = YES;
				CLANG_WARN_EMPTY_BODY = YES;
				CLANG_WARN_ENUM_CONVERSION = YES;
				CLANG_WARN_INFINITE_RECURSION = YES;
				CLANG_WARN_INT_CONVERSION = YES;
				CLANG_WARN_NON_LITERAL_NULL_CONVERSION = YES;
				CLANG_WARN_OBJC_IMPLICIT_RETAIN_SELF = YES;
				CLANG_WARN_OBJC_LITERAL_CONVERSION = YES;
				CLANG_WARN_OBJC_ROOT_CLASS = YES_ERROR;
				CLANG_WARN_QUOTED_INCLUDE_IN_FRAMEWORK_HEADER = YES;
				CLANG_WARN_RANGE_LOOP_ANALYSIS = YES;
				CLANG_WARN_STRICT_PROTOTYPES = YES;
				CLANG_WARN_SUSPICIOUS_MOVE = YES;
				CLANG_WARN_UNGUARDED_AVAILABILITY = YES_AGGRESSIVE;
				CLANG_WARN_UNREACHABLE_CODE = YES;
				CLANG_WARN__DUPLICATE_METHOD_MATCH = YES;
				COPY_PHASE_STRIP = NO;
				DEBUG_INFORMATION_FORMAT = dwarf;
				ENABLE_STRICT_OBJC_MSGSEND = YES;
				ENABLE_TESTABILITY = YES;
				GCC_C_LANGUAGE_STANDARD = gnu11;
				GCC_DYNAMIC_NO_PIC = NO;
				GCC_NO_COMMON_BLOCKS = YES;
				GCC_OPTIMIZATION_LEVEL = 0;
				GCC_PREPROCESSOR_DEFINITIONS = (
					"DEBUG=1",
					"$(inherited)",
				);
				GCC_WARN_64_TO_32_BIT_CONVERSION = YES;
				GCC_WARN_ABOUT_RETURN_TYPE = YES_ERROR;
				GCC_WARN_UNDECLARED_SELECTOR = YES;
				GCC_WARN_UNINITIALIZED_AUTOS = YES_AGGRESSIVE;
				GCC_WARN_UNUSED_FUNCTION = YES;
				GCC_WARN_UNUSED_VARIABLE = YES;
				IPHONEOS_DEPLOYMENT_TARGET = 15.4;
				MTL_ENABLE_DEBUG_INFO = INCLUDE_SOURCE;
				MTL_FAST_MATH = YES;
				ONLY_ACTIVE_ARCH = YES;
				SDKROOT = iphoneos;
				SWIFT_ACTIVE_COMPILATION_CONDITIONS = DEBUG;
				SWIFT_EMIT_LOC_STRINGS = YES;
				SWIFT_OPTIMIZATION_LEVEL = "-Onone";
			};
			name = Debug;
		};
		7F621F13282E46C3007FE06B /* Release */ = {
			isa = XCBuildConfiguration;
			buildSettings = {
				ALWAYS_SEARCH_USER_PATHS = NO;
				CLANG_ANALYZER_NONNULL = YES;
				CLANG_ANALYZER_NUMBER_OBJECT_CONVERSION = YES_AGGRESSIVE;
				CLANG_CXX_LANGUAGE_STANDARD = "gnu++17";
				CLANG_ENABLE_MODULES = YES;
				CLANG_ENABLE_OBJC_ARC = YES;
				CLANG_ENABLE_OBJC_WEAK = YES;
				CLANG_WARN_BLOCK_CAPTURE_AUTORELEASING = YES;
				CLANG_WARN_BOOL_CONVERSION = YES;
				CLANG_WARN_COMMA = YES;
				CLANG_WARN_CONSTANT_CONVERSION = YES;
				CLANG_WARN_DEPRECATED_OBJC_IMPLEMENTATIONS = YES;
				CLANG_WARN_DIRECT_OBJC_ISA_USAGE = YES_ERROR;
				CLANG_WARN_DOCUMENTATION_COMMENTS = YES;
				CLANG_WARN_EMPTY_BODY = YES;
				CLANG_WARN_ENUM_CONVERSION = YES;
				CLANG_WARN_INFINITE_RECURSION = YES;
				CLANG_WARN_INT_CONVERSION = YES;
				CLANG_WARN_NON_LITERAL_NULL_CONVERSION = YES;
				CLANG_WARN_OBJC_IMPLICIT_RETAIN_SELF = YES;
				CLANG_WARN_OBJC_LITERAL_CONVERSION = YES;
				CLANG_WARN_OBJC_ROOT_CLASS = YES_ERROR;
				CLANG_WARN_QUOTED_INCLUDE_IN_FRAMEWORK_HEADER = YES;
				CLANG_WARN_RANGE_LOOP_ANALYSIS = YES;
				CLANG_WARN_STRICT_PROTOTYPES = YES;
				CLANG_WARN_SUSPICIOUS_MOVE = YES;
				CLANG_WARN_UNGUARDED_AVAILABILITY = YES_AGGRESSIVE;
				CLANG_WARN_UNREACHABLE_CODE = YES;
				CLANG_WARN__DUPLICATE_METHOD_MATCH = YES;
				COPY_PHASE_STRIP = NO;
				DEBUG_INFORMATION_FORMAT = "dwarf-with-dsym";
				ENABLE_NS_ASSERTIONS = NO;
				ENABLE_STRICT_OBJC_MSGSEND = YES;
				GCC_C_LANGUAGE_STANDARD = gnu11;
				GCC_NO_COMMON_BLOCKS = YES;
				GCC_WARN_64_TO_32_BIT_CONVERSION = YES;
				GCC_WARN_ABOUT_RETURN_TYPE = YES_ERROR;
				GCC_WARN_UNDECLARED_SELECTOR = YES;
				GCC_WARN_UNINITIALIZED_AUTOS = YES_AGGRESSIVE;
				GCC_WARN_UNUSED_FUNCTION = YES;
				GCC_WARN_UNUSED_VARIABLE = YES;
				IPHONEOS_DEPLOYMENT_TARGET = 15.4;
				MTL_ENABLE_DEBUG_INFO = NO;
				MTL_FAST_MATH = YES;
				SDKROOT = iphoneos;
				SWIFT_COMPILATION_MODE = wholemodule;
				SWIFT_EMIT_LOC_STRINGS = YES;
				SWIFT_OPTIMIZATION_LEVEL = "-O";
				VALIDATE_PRODUCT = YES;
			};
			name = Release;
		};
		7F621F15282E46C3007FE06B /* Debug */ = {
			isa = XCBuildConfiguration;
			buildSettings = {
				ASSETCATALOG_COMPILER_APPICON_NAME = AppIcon;
				ASSETCATALOG_COMPILER_GLOBAL_ACCENT_COLOR_NAME = AccentColor;
				CODE_SIGN_STYLE = Automatic;
				CURRENT_PROJECT_VERSION = 1;
				DEVELOPMENT_ASSET_PATHS = "\"Macro-Challenge-Hurricane/Preview Content\"";
				DEVELOPMENT_TEAM = 595Y8DW3P5;
				ENABLE_PREVIEWS = YES;
				GENERATE_INFOPLIST_FILE = YES;
				INFOPLIST_FILE = "Macro-Challenge-Hurricane/Info.plist";
				INFOPLIST_KEY_UIApplicationSceneManifest_Generation = YES;
				INFOPLIST_KEY_UIApplicationSupportsIndirectInputEvents = YES;
				INFOPLIST_KEY_UILaunchScreen_Generation = YES;
				INFOPLIST_KEY_UIStatusBarHidden = YES;
				INFOPLIST_KEY_UISupportedInterfaceOrientations = UIInterfaceOrientationPortrait;
				INFOPLIST_KEY_UISupportedInterfaceOrientations_iPhone = UIInterfaceOrientationPortrait;
				LD_RUNPATH_SEARCH_PATHS = (
					"$(inherited)",
					"@executable_path/Frameworks",
				);
				MARKETING_VERSION = 1.0;
				PRODUCT_BUNDLE_IDENTIFIER = "com.appleacademy.Macro-Challenge-Hurricane";
				PRODUCT_NAME = "$(TARGET_NAME)";
				SWIFT_EMIT_LOC_STRINGS = YES;
				SWIFT_VERSION = 5.0;
				TARGETED_DEVICE_FAMILY = 1;
			};
			name = Debug;
		};
		7F621F16282E46C3007FE06B /* Release */ = {
			isa = XCBuildConfiguration;
			buildSettings = {
				ASSETCATALOG_COMPILER_APPICON_NAME = AppIcon;
				ASSETCATALOG_COMPILER_GLOBAL_ACCENT_COLOR_NAME = AccentColor;
				CODE_SIGN_STYLE = Automatic;
				CURRENT_PROJECT_VERSION = 1;
				DEVELOPMENT_ASSET_PATHS = "\"Macro-Challenge-Hurricane/Preview Content\"";
				DEVELOPMENT_TEAM = 595Y8DW3P5;
				ENABLE_PREVIEWS = YES;
				GENERATE_INFOPLIST_FILE = YES;
				INFOPLIST_FILE = "Macro-Challenge-Hurricane/Info.plist";
				INFOPLIST_KEY_UIApplicationSceneManifest_Generation = YES;
				INFOPLIST_KEY_UIApplicationSupportsIndirectInputEvents = YES;
				INFOPLIST_KEY_UILaunchScreen_Generation = YES;
				INFOPLIST_KEY_UIStatusBarHidden = YES;
				INFOPLIST_KEY_UISupportedInterfaceOrientations = UIInterfaceOrientationPortrait;
				INFOPLIST_KEY_UISupportedInterfaceOrientations_iPhone = UIInterfaceOrientationPortrait;
				LD_RUNPATH_SEARCH_PATHS = (
					"$(inherited)",
					"@executable_path/Frameworks",
				);
				MARKETING_VERSION = 1.0;
				PRODUCT_BUNDLE_IDENTIFIER = "com.appleacademy.Macro-Challenge-Hurricane";
				PRODUCT_NAME = "$(TARGET_NAME)";
				SWIFT_EMIT_LOC_STRINGS = YES;
				SWIFT_VERSION = 5.0;
				TARGETED_DEVICE_FAMILY = 1;
			};
			name = Release;
		};
/* End XCBuildConfiguration section */

/* Begin XCConfigurationList section */
		7F621F01282E46C2007FE06B /* Build configuration list for PBXProject "Macro-Challenge-Hurricane" */ = {
			isa = XCConfigurationList;
			buildConfigurations = (
				7F621F12282E46C3007FE06B /* Debug */,
				7F621F13282E46C3007FE06B /* Release */,
			);
			defaultConfigurationIsVisible = 0;
			defaultConfigurationName = Release;
		};
		7F621F14282E46C3007FE06B /* Build configuration list for PBXNativeTarget "Macro-Challenge-Hurricane" */ = {
			isa = XCConfigurationList;
			buildConfigurations = (
				7F621F15282E46C3007FE06B /* Debug */,
				7F621F16282E46C3007FE06B /* Release */,
			);
			defaultConfigurationIsVisible = 0;
			defaultConfigurationName = Release;
		};
/* End XCConfigurationList section */

/* Begin XCRemoteSwiftPackageReference section */
		963D5A992834EA59008ECEC7 /* XCRemoteSwiftPackageReference "lottie-ios" */ = {
			isa = XCRemoteSwiftPackageReference;
			repositoryURL = "https://github.com/airbnb/lottie-ios";
			requirement = {
				kind = upToNextMajorVersion;
				minimumVersion = 3.0.0;
			};
		};
/* End XCRemoteSwiftPackageReference section */

/* Begin XCSwiftPackageProductDependency section */
		963D5A9A2834EA59008ECEC7 /* Lottie */ = {
			isa = XCSwiftPackageProductDependency;
			package = 963D5A992834EA59008ECEC7 /* XCRemoteSwiftPackageReference "lottie-ios" */;
			productName = Lottie;
		};
/* End XCSwiftPackageProductDependency section */
	};
	rootObject = 7F621EFE282E46C2007FE06B /* Project object */;
}
