// !$*UTF8*$!
{
	archiveVersion = 1;
	classes = {
	};
	objectVersion = 55;
	objects = {

/* Begin PBXBuildFile section */
		7F43A6642834ED1C00F8952C /* WebViewController.swift in Sources */ = {isa = PBXBuildFile; fileRef = 7F43A6632834ED1B00F8952C /* WebViewController.swift */; };
		7F43A6672836317C00F8952C /* DataManager.swift in Sources */ = {isa = PBXBuildFile; fileRef = 7F43A6662836317C00F8952C /* DataManager.swift */; };
		7F43A669283631D700F8952C /* Storage.swift in Sources */ = {isa = PBXBuildFile; fileRef = 7F43A668283631D700F8952C /* Storage.swift */; };
		7F5E8F4128475A0E00B555C1 /* MochiJson.swift in Sources */ = {isa = PBXBuildFile; fileRef = 7F5E8F4028475A0E00B555C1 /* MochiJson.swift */; };
		7F5E8F452847734000B555C1 /* TwitchService.swift in Sources */ = {isa = PBXBuildFile; fileRef = 7F5E8F442847734000B555C1 /* TwitchService.swift */; };
		7F5E8F4728477E2900B555C1 /* Mochi.swift in Sources */ = {isa = PBXBuildFile; fileRef = 7F5E8F4628477E2900B555C1 /* Mochi.swift */; };
		7F5E8F4928477EF500B555C1 /* TimeManager.swift in Sources */ = {isa = PBXBuildFile; fileRef = 7F5E8F4828477EF500B555C1 /* TimeManager.swift */; };
		7F5E8F4B28477F4D00B555C1 /* Currencies.swift in Sources */ = {isa = PBXBuildFile; fileRef = 7F5E8F4A28477F4D00B555C1 /* Currencies.swift */; };
		7F5E8F4D28477F6500B555C1 /* item.swift in Sources */ = {isa = PBXBuildFile; fileRef = 7F5E8F4C28477F6500B555C1 /* item.swift */; };
		7F5E8F4F28477F8200B555C1 /* Inventory.swift in Sources */ = {isa = PBXBuildFile; fileRef = 7F5E8F4E28477F8200B555C1 /* Inventory.swift */; };
		7F5E8F5128477FB400B555C1 /* Customizable.swift in Sources */ = {isa = PBXBuildFile; fileRef = 7F5E8F5028477FB400B555C1 /* Customizable.swift */; };
		7F5E8F5328477FF700B555C1 /* CustomInventory.swift in Sources */ = {isa = PBXBuildFile; fileRef = 7F5E8F5228477FF700B555C1 /* CustomInventory.swift */; };
		7F621F0A282E46C2007FE06B /* Macro_Challenge_HurricaneApp.swift in Sources */ = {isa = PBXBuildFile; fileRef = 7F621F09282E46C2007FE06B /* Macro_Challenge_HurricaneApp.swift */; };
		7F621F0C282E46C2007FE06B /* ContentView.swift in Sources */ = {isa = PBXBuildFile; fileRef = 7F621F0B282E46C2007FE06B /* ContentView.swift */; };
		7F621F11282E46C3007FE06B /* Preview Assets.xcassets in Resources */ = {isa = PBXBuildFile; fileRef = 7F621F10282E46C3007FE06B /* Preview Assets.xcassets */; };
		7F621F1B282E54CB007FE06B /* .gitignore in Resources */ = {isa = PBXBuildFile; fileRef = 7F621F1A282E54CB007FE06B /* .gitignore */; };
		7F63074B284E32510008C6DD /* Assets.xcassets in Resources */ = {isa = PBXBuildFile; fileRef = 7F63074A284E32510008C6DD /* Assets.xcassets */; };
		7F630751284E33840008C6DD /* RGPhysicsCategory.swift in Sources */ = {isa = PBXBuildFile; fileRef = 7F63074D284E33840008C6DD /* RGPhysicsCategory.swift */; };
		7F630752284E33840008C6DD /* RhytmGame.swift in Sources */ = {isa = PBXBuildFile; fileRef = 7F63074E284E33840008C6DD /* RhytmGame.swift */; };
		7F630753284E33840008C6DD /* RhytmGameView.swift in Sources */ = {isa = PBXBuildFile; fileRef = 7F63074F284E33840008C6DD /* RhytmGameView.swift */; };
		7F630754284E33840008C6DD /* CGFloat_Ext.swift in Sources */ = {isa = PBXBuildFile; fileRef = 7F630750284E33840008C6DD /* CGFloat_Ext.swift */; };
		7F630763284E35070008C6DD /* BathroomSceneView.swift in Sources */ = {isa = PBXBuildFile; fileRef = 7F630757284E35070008C6DD /* BathroomSceneView.swift */; };
		7F630764284E35070008C6DD /* InventoryScene.swift in Sources */ = {isa = PBXBuildFile; fileRef = 7F630758284E35070008C6DD /* InventoryScene.swift */; };
		7F630765284E35070008C6DD /* CustomizationScene.swift in Sources */ = {isa = PBXBuildFile; fileRef = 7F630759284E35070008C6DD /* CustomizationScene.swift */; };
		7F630766284E35070008C6DD /* TamagotchiMainScene.swift in Sources */ = {isa = PBXBuildFile; fileRef = 7F63075A284E35070008C6DD /* TamagotchiMainScene.swift */; };
		7F630767284E35070008C6DD /* BedroomView.swift in Sources */ = {isa = PBXBuildFile; fileRef = 7F63075B284E35070008C6DD /* BedroomView.swift */; };
		7F630768284E35070008C6DD /* BedroomScene.swift in Sources */ = {isa = PBXBuildFile; fileRef = 7F63075C284E35070008C6DD /* BedroomScene.swift */; };
		7F630769284E35070008C6DD /* MinigamesScene.swift in Sources */ = {isa = PBXBuildFile; fileRef = 7F63075D284E35070008C6DD /* MinigamesScene.swift */; };
		7F63076A284E35070008C6DD /* ShopScene.swift in Sources */ = {isa = PBXBuildFile; fileRef = 7F63075E284E35070008C6DD /* ShopScene.swift */; };
		7F63076B284E35070008C6DD /* TamagotchiView.swift in Sources */ = {isa = PBXBuildFile; fileRef = 7F63075F284E35070008C6DD /* TamagotchiView.swift */; };
		7F63076C284E35070008C6DD /* BathroomScene.swift in Sources */ = {isa = PBXBuildFile; fileRef = 7F630760284E35070008C6DD /* BathroomScene.swift */; };
		7F63076D284E35070008C6DD /* CornerScene.swift in Sources */ = {isa = PBXBuildFile; fileRef = 7F630761284E35070008C6DD /* CornerScene.swift */; };
		7F63076E284E35070008C6DD /* CornerSceneView.swift in Sources */ = {isa = PBXBuildFile; fileRef = 7F630762284E35070008C6DD /* CornerSceneView.swift */; };
		7F658BE92844BE04004A6768 /* RealHTTP in Frameworks */ = {isa = PBXBuildFile; productRef = 7F658BE82844BE04004A6768 /* RealHTTP */; };
		7F658BF02844BE90004A6768 /* Token.swift in Sources */ = {isa = PBXBuildFile; fileRef = 7F658BEF2844BE90004A6768 /* Token.swift */; };
		7F658BF22844BEA6004A6768 /* User.swift in Sources */ = {isa = PBXBuildFile; fileRef = 7F658BF12844BEA6004A6768 /* User.swift */; };
		7F658BF42844BEB6004A6768 /* Channel.swift in Sources */ = {isa = PBXBuildFile; fileRef = 7F658BF32844BEB6004A6768 /* Channel.swift */; };
		95A75433284CC58F003E4804 /* CurrenciesJson.swift in Sources */ = {isa = PBXBuildFile; fileRef = 95A75432284CC58F003E4804 /* CurrenciesJson.swift */; };
		95A75435284CD7E2003E4804 /* TimeManagerJson.swift in Sources */ = {isa = PBXBuildFile; fileRef = 95A75434284CD7E2003E4804 /* TimeManagerJson.swift */; };
		95A75437284CDFB4003E4804 /* InventoryJson.swift in Sources */ = {isa = PBXBuildFile; fileRef = 95A75436284CDFB4003E4804 /* InventoryJson.swift */; };
		95A75439284CE068003E4804 /* CustomInventoryJson.swift in Sources */ = {isa = PBXBuildFile; fileRef = 95A75438284CE068003E4804 /* CustomInventoryJson.swift */; };
		963D5A9B2834EA59008ECEC7 /* Lottie in Frameworks */ = {isa = PBXBuildFile; productRef = 963D5A9A2834EA59008ECEC7 /* Lottie */; };
/* End PBXBuildFile section */

/* Begin PBXFileReference section */
		7F43A6632834ED1B00F8952C /* WebViewController.swift */ = {isa = PBXFileReference; lastKnownFileType = sourcecode.swift; path = WebViewController.swift; sourceTree = "<group>"; };
		7F43A6662836317C00F8952C /* DataManager.swift */ = {isa = PBXFileReference; lastKnownFileType = sourcecode.swift; path = DataManager.swift; sourceTree = "<group>"; };
		7F43A668283631D700F8952C /* Storage.swift */ = {isa = PBXFileReference; lastKnownFileType = sourcecode.swift; path = Storage.swift; sourceTree = "<group>"; };
		7F43A66A2836340D00F8952C /* README.md */ = {isa = PBXFileReference; lastKnownFileType = net.daringfireball.markdown; path = README.md; sourceTree = "<group>"; };
		7F5E8F4028475A0E00B555C1 /* MochiJson.swift */ = {isa = PBXFileReference; lastKnownFileType = sourcecode.swift; path = MochiJson.swift; sourceTree = "<group>"; };
		7F5E8F442847734000B555C1 /* TwitchService.swift */ = {isa = PBXFileReference; lastKnownFileType = sourcecode.swift; path = TwitchService.swift; sourceTree = "<group>"; };
		7F5E8F4628477E2900B555C1 /* Mochi.swift */ = {isa = PBXFileReference; lastKnownFileType = sourcecode.swift; path = Mochi.swift; sourceTree = "<group>"; };
		7F5E8F4828477EF500B555C1 /* TimeManager.swift */ = {isa = PBXFileReference; lastKnownFileType = sourcecode.swift; path = TimeManager.swift; sourceTree = "<group>"; };
		7F5E8F4A28477F4D00B555C1 /* Currencies.swift */ = {isa = PBXFileReference; lastKnownFileType = sourcecode.swift; path = Currencies.swift; sourceTree = "<group>"; };
		7F5E8F4C28477F6500B555C1 /* item.swift */ = {isa = PBXFileReference; lastKnownFileType = sourcecode.swift; path = item.swift; sourceTree = "<group>"; };
		7F5E8F4E28477F8200B555C1 /* Inventory.swift */ = {isa = PBXFileReference; lastKnownFileType = sourcecode.swift; path = Inventory.swift; sourceTree = "<group>"; };
		7F5E8F5028477FB400B555C1 /* Customizable.swift */ = {isa = PBXFileReference; lastKnownFileType = sourcecode.swift; path = Customizable.swift; sourceTree = "<group>"; };
		7F5E8F5228477FF700B555C1 /* CustomInventory.swift */ = {isa = PBXFileReference; lastKnownFileType = sourcecode.swift; path = CustomInventory.swift; sourceTree = "<group>"; };
		7F621F06282E46C2007FE06B /* Macro-Challenge-Hurricane.app */ = {isa = PBXFileReference; explicitFileType = wrapper.application; includeInIndex = 0; path = "Macro-Challenge-Hurricane.app"; sourceTree = BUILT_PRODUCTS_DIR; };
		7F621F09282E46C2007FE06B /* Macro_Challenge_HurricaneApp.swift */ = {isa = PBXFileReference; lastKnownFileType = sourcecode.swift; path = Macro_Challenge_HurricaneApp.swift; sourceTree = "<group>"; };
		7F621F0B282E46C2007FE06B /* ContentView.swift */ = {isa = PBXFileReference; lastKnownFileType = sourcecode.swift; path = ContentView.swift; sourceTree = "<group>"; };
		7F621F10282E46C3007FE06B /* Preview Assets.xcassets */ = {isa = PBXFileReference; lastKnownFileType = folder.assetcatalog; path = "Preview Assets.xcassets"; sourceTree = "<group>"; };
		7F621F1A282E54CB007FE06B /* .gitignore */ = {isa = PBXFileReference; lastKnownFileType = text; path = .gitignore; sourceTree = "<group>"; };
		7F63074A284E32510008C6DD /* Assets.xcassets */ = {isa = PBXFileReference; lastKnownFileType = folder.assetcatalog; name = Assets.xcassets; path = "../../../../Downloads/Macro-Challenge-Hurricane-RhytmGame/Macro-Challenge-Hurricane/Assets.xcassets"; sourceTree = "<group>"; };
		7F63074D284E33840008C6DD /* RGPhysicsCategory.swift */ = {isa = PBXFileReference; fileEncoding = 4; lastKnownFileType = sourcecode.swift; path = RGPhysicsCategory.swift; sourceTree = "<group>"; };
		7F63074E284E33840008C6DD /* RhytmGame.swift */ = {isa = PBXFileReference; fileEncoding = 4; lastKnownFileType = sourcecode.swift; path = RhytmGame.swift; sourceTree = "<group>"; };
		7F63074F284E33840008C6DD /* RhytmGameView.swift */ = {isa = PBXFileReference; fileEncoding = 4; lastKnownFileType = sourcecode.swift; path = RhytmGameView.swift; sourceTree = "<group>"; };
		7F630750284E33840008C6DD /* CGFloat_Ext.swift */ = {isa = PBXFileReference; fileEncoding = 4; lastKnownFileType = sourcecode.swift; path = CGFloat_Ext.swift; sourceTree = "<group>"; };
		7F630755284E33900008C6DD /* RhytmGame.sks */ = {isa = PBXFileReference; lastKnownFileType = file.sks; path = RhytmGame.sks; sourceTree = "<group>"; };
		7F630757284E35070008C6DD /* BathroomSceneView.swift */ = {isa = PBXFileReference; fileEncoding = 4; lastKnownFileType = sourcecode.swift; path = BathroomSceneView.swift; sourceTree = "<group>"; };
		7F630758284E35070008C6DD /* InventoryScene.swift */ = {isa = PBXFileReference; fileEncoding = 4; lastKnownFileType = sourcecode.swift; path = InventoryScene.swift; sourceTree = "<group>"; };
		7F630759284E35070008C6DD /* CustomizationScene.swift */ = {isa = PBXFileReference; fileEncoding = 4; lastKnownFileType = sourcecode.swift; path = CustomizationScene.swift; sourceTree = "<group>"; };
		7F63075A284E35070008C6DD /* TamagotchiMainScene.swift */ = {isa = PBXFileReference; fileEncoding = 4; lastKnownFileType = sourcecode.swift; path = TamagotchiMainScene.swift; sourceTree = "<group>"; };
		7F63075B284E35070008C6DD /* BedroomView.swift */ = {isa = PBXFileReference; fileEncoding = 4; lastKnownFileType = sourcecode.swift; path = BedroomView.swift; sourceTree = "<group>"; };
		7F63075C284E35070008C6DD /* BedroomScene.swift */ = {isa = PBXFileReference; fileEncoding = 4; lastKnownFileType = sourcecode.swift; path = BedroomScene.swift; sourceTree = "<group>"; };
		7F63075D284E35070008C6DD /* MinigamesScene.swift */ = {isa = PBXFileReference; fileEncoding = 4; lastKnownFileType = sourcecode.swift; path = MinigamesScene.swift; sourceTree = "<group>"; };
		7F63075E284E35070008C6DD /* ShopScene.swift */ = {isa = PBXFileReference; fileEncoding = 4; lastKnownFileType = sourcecode.swift; path = ShopScene.swift; sourceTree = "<group>"; };
		7F63075F284E35070008C6DD /* TamagotchiView.swift */ = {isa = PBXFileReference; fileEncoding = 4; lastKnownFileType = sourcecode.swift; path = TamagotchiView.swift; sourceTree = "<group>"; };
		7F630760284E35070008C6DD /* BathroomScene.swift */ = {isa = PBXFileReference; fileEncoding = 4; lastKnownFileType = sourcecode.swift; path = BathroomScene.swift; sourceTree = "<group>"; };
		7F630761284E35070008C6DD /* CornerScene.swift */ = {isa = PBXFileReference; fileEncoding = 4; lastKnownFileType = sourcecode.swift; path = CornerScene.swift; sourceTree = "<group>"; };
		7F630762284E35070008C6DD /* CornerSceneView.swift */ = {isa = PBXFileReference; fileEncoding = 4; lastKnownFileType = sourcecode.swift; path = CornerSceneView.swift; sourceTree = "<group>"; };
		7F658BEF2844BE90004A6768 /* Token.swift */ = {isa = PBXFileReference; lastKnownFileType = sourcecode.swift; path = Token.swift; sourceTree = "<group>"; };
		7F658BF12844BEA6004A6768 /* User.swift */ = {isa = PBXFileReference; lastKnownFileType = sourcecode.swift; path = User.swift; sourceTree = "<group>"; };
		7F658BF32844BEB6004A6768 /* Channel.swift */ = {isa = PBXFileReference; lastKnownFileType = sourcecode.swift; path = Channel.swift; sourceTree = "<group>"; };
		95203C76284BB52000F73C9E /* Info.plist */ = {isa = PBXFileReference; lastKnownFileType = text.plist; path = Info.plist; sourceTree = "<group>"; };
		95A75432284CC58F003E4804 /* CurrenciesJson.swift */ = {isa = PBXFileReference; lastKnownFileType = sourcecode.swift; path = CurrenciesJson.swift; sourceTree = "<group>"; };
		95A75434284CD7E2003E4804 /* TimeManagerJson.swift */ = {isa = PBXFileReference; lastKnownFileType = sourcecode.swift; path = TimeManagerJson.swift; sourceTree = "<group>"; };
		95A75436284CDFB4003E4804 /* InventoryJson.swift */ = {isa = PBXFileReference; lastKnownFileType = sourcecode.swift; path = InventoryJson.swift; sourceTree = "<group>"; };
		95A75438284CE068003E4804 /* CustomInventoryJson.swift */ = {isa = PBXFileReference; lastKnownFileType = sourcecode.swift; path = CustomInventoryJson.swift; sourceTree = "<group>"; };
/* End PBXFileReference section */

/* Begin PBXFrameworksBuildPhase section */
		7F621F03282E46C2007FE06B /* Frameworks */ = {
			isa = PBXFrameworksBuildPhase;
			buildActionMask = 2147483647;
			files = (
				7F658BE92844BE04004A6768 /* RealHTTP in Frameworks */,
				963D5A9B2834EA59008ECEC7 /* Lottie in Frameworks */,
			);
			runOnlyForDeploymentPostprocessing = 0;
		};
/* End PBXFrameworksBuildPhase section */

/* Begin PBXGroup section */
		7F43A6652836315D00F8952C /* DataManager */ = {
			isa = PBXGroup;
			children = (
				7F43A6662836317C00F8952C /* DataManager.swift */,
				7F43A668283631D700F8952C /* Storage.swift */,
				7F43A66A2836340D00F8952C /* README.md */,
			);
			path = DataManager;
			sourceTree = "<group>";
		};
		7F621EFD282E46C2007FE06B = {
			isa = PBXGroup;
			children = (
				7F621F08282E46C2007FE06B /* Macro-Challenge-Hurricane */,
				7F621F07282E46C2007FE06B /* Products */,
			);
			sourceTree = "<group>";
		};
		7F621F07282E46C2007FE06B /* Products */ = {
			isa = PBXGroup;
			children = (
				7F621F06282E46C2007FE06B /* Macro-Challenge-Hurricane.app */,
			);
			name = Products;
			sourceTree = "<group>";
		};
		7F621F08282E46C2007FE06B /* Macro-Challenge-Hurricane */ = {
			isa = PBXGroup;
			children = (
				7F630756284E35070008C6DD /* Tamagotchi */,
				7F63074C284E33840008C6DD /* RhytmGame */,
				95203C76284BB52000F73C9E /* Info.plist */,
				7F658BEE2844BE6F004A6768 /* Model */,
				7F658BE42844BD9F004A6768 /* NetworkService */,
				7F43A6652836315D00F8952C /* DataManager */,
				7F621F17282E5291007FE06B /* Git */,
				7F621F09282E46C2007FE06B /* Macro_Challenge_HurricaneApp.swift */,
				7F621F0B282E46C2007FE06B /* ContentView.swift */,
				7F43A6632834ED1B00F8952C /* WebViewController.swift */,
				7F63074A284E32510008C6DD /* Assets.xcassets */,
				7F621F0F282E46C3007FE06B /* Preview Content */,
			);
			path = "Macro-Challenge-Hurricane";
			sourceTree = "<group>";
		};
		7F621F0F282E46C3007FE06B /* Preview Content */ = {
			isa = PBXGroup;
			children = (
				7F621F10282E46C3007FE06B /* Preview Assets.xcassets */,
			);
			path = "Preview Content";
			sourceTree = "<group>";
		};
		7F621F17282E5291007FE06B /* Git */ = {
			isa = PBXGroup;
			children = (
				7F621F1A282E54CB007FE06B /* .gitignore */,
			);
			path = Git;
			sourceTree = "<group>";
		};
		7F63074C284E33840008C6DD /* RhytmGame */ = {
			isa = PBXGroup;
			children = (
				7F630755284E33900008C6DD /* RhytmGame.sks */,
				7F63074D284E33840008C6DD /* RGPhysicsCategory.swift */,
				7F63074E284E33840008C6DD /* RhytmGame.swift */,
				7F63074F284E33840008C6DD /* RhytmGameView.swift */,
				7F630750284E33840008C6DD /* CGFloat_Ext.swift */,
			);
			name = RhytmGame;
			path = ../../../../Downloads/RhytmGame;
			sourceTree = "<group>";
		};
		7F630756284E35070008C6DD /* Tamagotchi */ = {
			isa = PBXGroup;
			children = (
				7F630757284E35070008C6DD /* BathroomSceneView.swift */,
				7F630758284E35070008C6DD /* InventoryScene.swift */,
				7F630759284E35070008C6DD /* CustomizationScene.swift */,
				7F63075A284E35070008C6DD /* TamagotchiMainScene.swift */,
				7F63075B284E35070008C6DD /* BedroomView.swift */,
				7F63075C284E35070008C6DD /* BedroomScene.swift */,
				7F63075D284E35070008C6DD /* MinigamesScene.swift */,
				7F63075E284E35070008C6DD /* ShopScene.swift */,
				7F63075F284E35070008C6DD /* TamagotchiView.swift */,
				7F630760284E35070008C6DD /* BathroomScene.swift */,
				7F630761284E35070008C6DD /* CornerScene.swift */,
				7F630762284E35070008C6DD /* CornerSceneView.swift */,
			);
			path = Tamagotchi;
			sourceTree = "<group>";
		};
		7F658BE42844BD9F004A6768 /* NetworkService */ = {
			isa = PBXGroup;
			children = (
				7F5E8F442847734000B555C1 /* TwitchService.swift */,
			);
			path = NetworkService;
			sourceTree = "<group>";
		};
		7F658BEE2844BE6F004A6768 /* Model */ = {
			isa = PBXGroup;
			children = (
				7F658BEF2844BE90004A6768 /* Token.swift */,
				7F658BF12844BEA6004A6768 /* User.swift */,
				7F658BF32844BEB6004A6768 /* Channel.swift */,
				7F5E8F4028475A0E00B555C1 /* MochiJson.swift */,
				7F5E8F4628477E2900B555C1 /* Mochi.swift */,
				7F5E8F4A28477F4D00B555C1 /* Currencies.swift */,
				95A75432284CC58F003E4804 /* CurrenciesJson.swift */,
				7F5E8F4828477EF500B555C1 /* TimeManager.swift */,
				95A75434284CD7E2003E4804 /* TimeManagerJson.swift */,
				7F5E8F4E28477F8200B555C1 /* Inventory.swift */,
				95A75436284CDFB4003E4804 /* InventoryJson.swift */,
				7F5E8F5228477FF700B555C1 /* CustomInventory.swift */,
				95A75438284CE068003E4804 /* CustomInventoryJson.swift */,
				7F5E8F4C28477F6500B555C1 /* item.swift */,
				7F5E8F5028477FB400B555C1 /* Customizable.swift */,
			);
			path = Model;
			sourceTree = "<group>";
		};
/* End PBXGroup section */

/* Begin PBXNativeTarget section */
		7F621F05282E46C2007FE06B /* Macro-Challenge-Hurricane */ = {
			isa = PBXNativeTarget;
			buildConfigurationList = 7F621F14282E46C3007FE06B /* Build configuration list for PBXNativeTarget "Macro-Challenge-Hurricane" */;
			buildPhases = (
				7F621F02282E46C2007FE06B /* Sources */,
				7F621F03282E46C2007FE06B /* Frameworks */,
				7F621F04282E46C2007FE06B /* Resources */,
			);
			buildRules = (
			);
			dependencies = (
			);
			name = "Macro-Challenge-Hurricane";
			packageProductDependencies = (
				963D5A9A2834EA59008ECEC7 /* Lottie */,
				7F658BE82844BE04004A6768 /* RealHTTP */,
			);
			productName = "Macro-Challenge-Hurricane";
			productReference = 7F621F06282E46C2007FE06B /* Macro-Challenge-Hurricane.app */;
			productType = "com.apple.product-type.application";
		};
/* End PBXNativeTarget section */

/* Begin PBXProject section */
		7F621EFE282E46C2007FE06B /* Project object */ = {
			isa = PBXProject;
			attributes = {
				BuildIndependentTargetsInParallel = 1;
				LastSwiftUpdateCheck = 1330;
				LastUpgradeCheck = 1330;
				TargetAttributes = {
					7F621F05282E46C2007FE06B = {
						CreatedOnToolsVersion = 13.3.1;
					};
				};
			};
			buildConfigurationList = 7F621F01282E46C2007FE06B /* Build configuration list for PBXProject "Macro-Challenge-Hurricane" */;
			compatibilityVersion = "Xcode 13.0";
			developmentRegion = en;
			hasScannedForEncodings = 0;
			knownRegions = (
				en,
				Base,
			);
			mainGroup = 7F621EFD282E46C2007FE06B;
			packageReferences = (
				963D5A992834EA59008ECEC7 /* XCRemoteSwiftPackageReference "lottie-ios" */,
				7F658BE72844BE04004A6768 /* XCRemoteSwiftPackageReference "RealHTTP" */,
			);
			productRefGroup = 7F621F07282E46C2007FE06B /* Products */;
			projectDirPath = "";
			projectRoot = "";
			targets = (
				7F621F05282E46C2007FE06B /* Macro-Challenge-Hurricane */,
			);
		};
/* End PBXProject section */

/* Begin PBXResourcesBuildPhase section */
		7F621F04282E46C2007FE06B /* Resources */ = {
			isa = PBXResourcesBuildPhase;
			buildActionMask = 2147483647;
			files = (
				7F621F11282E46C3007FE06B /* Preview Assets.xcassets in Resources */,
				7F621F1B282E54CB007FE06B /* .gitignore in Resources */,
				7F63074B284E32510008C6DD /* Assets.xcassets in Resources */,
			);
			runOnlyForDeploymentPostprocessing = 0;
		};
/* End PBXResourcesBuildPhase section */

/* Begin PBXSourcesBuildPhase section */
		7F621F02282E46C2007FE06B /* Sources */ = {
			isa = PBXSourcesBuildPhase;
			buildActionMask = 2147483647;
			files = (
				7F658BF02844BE90004A6768 /* Token.swift in Sources */,
				7F630763284E35070008C6DD /* BathroomSceneView.swift in Sources */,
				7F630753284E33840008C6DD /* RhytmGameView.swift in Sources */,
				7F63076C284E35070008C6DD /* BathroomScene.swift in Sources */,
				7F621F0C282E46C2007FE06B /* ContentView.swift in Sources */,
				95A75437284CDFB4003E4804 /* InventoryJson.swift in Sources */,
				95A75433284CC58F003E4804 /* CurrenciesJson.swift in Sources */,
				7F5E8F4D28477F6500B555C1 /* item.swift in Sources */,
				7F5E8F4928477EF500B555C1 /* TimeManager.swift in Sources */,
				7F630752284E33840008C6DD /* RhytmGame.swift in Sources */,
				7F63076B284E35070008C6DD /* TamagotchiView.swift in Sources */,
				7F658BF42844BEB6004A6768 /* Channel.swift in Sources */,
				7F630754284E33840008C6DD /* CGFloat_Ext.swift in Sources */,
				7F630751284E33840008C6DD /* RGPhysicsCategory.swift in Sources */,
				7F63076A284E35070008C6DD /* ShopScene.swift in Sources */,
				7F63076D284E35070008C6DD /* CornerScene.swift in Sources */,
				7F5E8F4128475A0E00B555C1 /* MochiJson.swift in Sources */,
				7F630766284E35070008C6DD /* TamagotchiMainScene.swift in Sources */,
				7F5E8F5328477FF700B555C1 /* CustomInventory.swift in Sources */,
				7F630765284E35070008C6DD /* CustomizationScene.swift in Sources */,
				7F5E8F5128477FB400B555C1 /* Customizable.swift in Sources */,
				7F43A6672836317C00F8952C /* DataManager.swift in Sources */,
				7F5E8F452847734000B555C1 /* TwitchService.swift in Sources */,
				7F630767284E35070008C6DD /* BedroomView.swift in Sources */,
				95A75435284CD7E2003E4804 /* TimeManagerJson.swift in Sources */,
				7F43A6642834ED1C00F8952C /* WebViewController.swift in Sources */,
				7F5E8F4B28477F4D00B555C1 /* Currencies.swift in Sources */,
				7F630769284E35070008C6DD /* MinigamesScene.swift in Sources */,
				7F621F0A282E46C2007FE06B /* Macro_Challenge_HurricaneApp.swift in Sources */,
				95A75439284CE068003E4804 /* CustomInventoryJson.swift in Sources */,
				7F43A669283631D700F8952C /* Storage.swift in Sources */,
				7F5E8F4F28477F8200B555C1 /* Inventory.swift in Sources */,
				7F630768284E35070008C6DD /* BedroomScene.swift in Sources */,
				7F630764284E35070008C6DD /* InventoryScene.swift in Sources */,
				7F658BF22844BEA6004A6768 /* User.swift in Sources */,
				7F5E8F4728477E2900B555C1 /* Mochi.swift in Sources */,
				7F63076E284E35070008C6DD /* CornerSceneView.swift in Sources */,
			);
			runOnlyForDeploymentPostprocessing = 0;
		};
/* End PBXSourcesBuildPhase section */

/* Begin XCBuildConfiguration section */
		7F621F12282E46C3007FE06B /* Debug */ = {
			isa = XCBuildConfiguration;
			buildSettings = {
				ALWAYS_SEARCH_USER_PATHS = NO;
				CLANG_ANALYZER_NONNULL = YES;
				CLANG_ANALYZER_NUMBER_OBJECT_CONVERSION = YES_AGGRESSIVE;
				CLANG_CXX_LANGUAGE_STANDARD = "gnu++17";
				CLANG_ENABLE_MODULES = YES;
				CLANG_ENABLE_OBJC_ARC = YES;
				CLANG_ENABLE_OBJC_WEAK = YES;
				CLANG_WARN_BLOCK_CAPTURE_AUTORELEASING = YES;
				CLANG_WARN_BOOL_CONVERSION = YES;
				CLANG_WARN_COMMA = YES;
				CLANG_WARN_CONSTANT_CONVERSION = YES;
				CLANG_WARN_DEPRECATED_OBJC_IMPLEMENTATIONS = YES;
				CLANG_WARN_DIRECT_OBJC_ISA_USAGE = YES_ERROR;
				CLANG_WARN_DOCUMENTATION_COMMENTS = YES;
				CLANG_WARN_EMPTY_BODY = YES;
				CLANG_WARN_ENUM_CONVERSION = YES;
				CLANG_WARN_INFINITE_RECURSION = YES;
				CLANG_WARN_INT_CONVERSION = YES;
				CLANG_WARN_NON_LITERAL_NULL_CONVERSION = YES;
				CLANG_WARN_OBJC_IMPLICIT_RETAIN_SELF = YES;
				CLANG_WARN_OBJC_LITERAL_CONVERSION = YES;
				CLANG_WARN_OBJC_ROOT_CLASS = YES_ERROR;
				CLANG_WARN_QUOTED_INCLUDE_IN_FRAMEWORK_HEADER = YES;
				CLANG_WARN_RANGE_LOOP_ANALYSIS = YES;
				CLANG_WARN_STRICT_PROTOTYPES = YES;
				CLANG_WARN_SUSPICIOUS_MOVE = YES;
				CLANG_WARN_UNGUARDED_AVAILABILITY = YES_AGGRESSIVE;
				CLANG_WARN_UNREACHABLE_CODE = YES;
				CLANG_WARN__DUPLICATE_METHOD_MATCH = YES;
				COPY_PHASE_STRIP = NO;
				DEBUG_INFORMATION_FORMAT = dwarf;
				ENABLE_STRICT_OBJC_MSGSEND = YES;
				ENABLE_TESTABILITY = YES;
				GCC_C_LANGUAGE_STANDARD = gnu11;
				GCC_DYNAMIC_NO_PIC = NO;
				GCC_NO_COMMON_BLOCKS = YES;
				GCC_OPTIMIZATION_LEVEL = 0;
				GCC_PREPROCESSOR_DEFINITIONS = (
					"DEBUG=1",
					"$(inherited)",
				);
				GCC_WARN_64_TO_32_BIT_CONVERSION = YES;
				GCC_WARN_ABOUT_RETURN_TYPE = YES_ERROR;
				GCC_WARN_UNDECLARED_SELECTOR = YES;
				GCC_WARN_UNINITIALIZED_AUTOS = YES_AGGRESSIVE;
				GCC_WARN_UNUSED_FUNCTION = YES;
				GCC_WARN_UNUSED_VARIABLE = YES;
				IPHONEOS_DEPLOYMENT_TARGET = 15.4;
				MTL_ENABLE_DEBUG_INFO = INCLUDE_SOURCE;
				MTL_FAST_MATH = YES;
				ONLY_ACTIVE_ARCH = YES;
				SDKROOT = iphoneos;
				SWIFT_ACTIVE_COMPILATION_CONDITIONS = DEBUG;
				SWIFT_OPTIMIZATION_LEVEL = "-Onone";
			};
			name = Debug;
		};
		7F621F13282E46C3007FE06B /* Release */ = {
			isa = XCBuildConfiguration;
			buildSettings = {
				ALWAYS_SEARCH_USER_PATHS = NO;
				CLANG_ANALYZER_NONNULL = YES;
				CLANG_ANALYZER_NUMBER_OBJECT_CONVERSION = YES_AGGRESSIVE;
				CLANG_CXX_LANGUAGE_STANDARD = "gnu++17";
				CLANG_ENABLE_MODULES = YES;
				CLANG_ENABLE_OBJC_ARC = YES;
				CLANG_ENABLE_OBJC_WEAK = YES;
				CLANG_WARN_BLOCK_CAPTURE_AUTORELEASING = YES;
				CLANG_WARN_BOOL_CONVERSION = YES;
				CLANG_WARN_COMMA = YES;
				CLANG_WARN_CONSTANT_CONVERSION = YES;
				CLANG_WARN_DEPRECATED_OBJC_IMPLEMENTATIONS = YES;
				CLANG_WARN_DIRECT_OBJC_ISA_USAGE = YES_ERROR;
				CLANG_WARN_DOCUMENTATION_COMMENTS = YES;
				CLANG_WARN_EMPTY_BODY = YES;
				CLANG_WARN_ENUM_CONVERSION = YES;
				CLANG_WARN_INFINITE_RECURSION = YES;
				CLANG_WARN_INT_CONVERSION = YES;
				CLANG_WARN_NON_LITERAL_NULL_CONVERSION = YES;
				CLANG_WARN_OBJC_IMPLICIT_RETAIN_SELF = YES;
				CLANG_WARN_OBJC_LITERAL_CONVERSION = YES;
				CLANG_WARN_OBJC_ROOT_CLASS = YES_ERROR;
				CLANG_WARN_QUOTED_INCLUDE_IN_FRAMEWORK_HEADER = YES;
				CLANG_WARN_RANGE_LOOP_ANALYSIS = YES;
				CLANG_WARN_STRICT_PROTOTYPES = YES;
				CLANG_WARN_SUSPICIOUS_MOVE = YES;
				CLANG_WARN_UNGUARDED_AVAILABILITY = YES_AGGRESSIVE;
				CLANG_WARN_UNREACHABLE_CODE = YES;
				CLANG_WARN__DUPLICATE_METHOD_MATCH = YES;
				COPY_PHASE_STRIP = NO;
				DEBUG_INFORMATION_FORMAT = "dwarf-with-dsym";
				ENABLE_NS_ASSERTIONS = NO;
				ENABLE_STRICT_OBJC_MSGSEND = YES;
				GCC_C_LANGUAGE_STANDARD = gnu11;
				GCC_NO_COMMON_BLOCKS = YES;
				GCC_WARN_64_TO_32_BIT_CONVERSION = YES;
				GCC_WARN_ABOUT_RETURN_TYPE = YES_ERROR;
				GCC_WARN_UNDECLARED_SELECTOR = YES;
				GCC_WARN_UNINITIALIZED_AUTOS = YES_AGGRESSIVE;
				GCC_WARN_UNUSED_FUNCTION = YES;
				GCC_WARN_UNUSED_VARIABLE = YES;
				IPHONEOS_DEPLOYMENT_TARGET = 15.4;
				MTL_ENABLE_DEBUG_INFO = NO;
				MTL_FAST_MATH = YES;
				SDKROOT = iphoneos;
				SWIFT_COMPILATION_MODE = wholemodule;
				SWIFT_OPTIMIZATION_LEVEL = "-O";
				VALIDATE_PRODUCT = YES;
			};
			name = Release;
		};
		7F621F15282E46C3007FE06B /* Debug */ = {
			isa = XCBuildConfiguration;
			buildSettings = {
				ASSETCATALOG_COMPILER_APPICON_NAME = AppIcon;
				ASSETCATALOG_COMPILER_GLOBAL_ACCENT_COLOR_NAME = AccentColor;
				CODE_SIGN_STYLE = Automatic;
				CURRENT_PROJECT_VERSION = 1;
				DEVELOPMENT_ASSET_PATHS = "\"Macro-Challenge-Hurricane/Preview Content\"";
				DEVELOPMENT_TEAM = PLX9GGVS7R;
				ENABLE_PREVIEWS = YES;
				GENERATE_INFOPLIST_FILE = YES;
				INFOPLIST_FILE = "Macro-Challenge-Hurricane/Info.plist";
				INFOPLIST_KEY_CFBundleDisplayName = StreaMochi;
				INFOPLIST_KEY_UIApplicationSceneManifest_Generation = YES;
				INFOPLIST_KEY_UIApplicationSupportsIndirectInputEvents = YES;
				INFOPLIST_KEY_UILaunchScreen_Generation = YES;
				INFOPLIST_KEY_UISupportedInterfaceOrientations_iPad = "UIInterfaceOrientationPortrait UIInterfaceOrientationPortraitUpsideDown UIInterfaceOrientationLandscapeLeft UIInterfaceOrientationLandscapeRight";
				INFOPLIST_KEY_UISupportedInterfaceOrientations_iPhone = "UIInterfaceOrientationPortrait UIInterfaceOrientationLandscapeLeft UIInterfaceOrientationLandscapeRight";
				LD_RUNPATH_SEARCH_PATHS = (
					"$(inherited)",
					"@executable_path/Frameworks",
				);
				MARKETING_VERSION = 1.0;
				PRODUCT_BUNDLE_IDENTIFIER = "com.appleacademy.Macro-Challenge-Hurricane";
				PRODUCT_NAME = "$(TARGET_NAME)";
				SWIFT_EMIT_LOC_STRINGS = YES;
				SWIFT_VERSION = 5.0;
				TARGETED_DEVICE_FAMILY = "1,2";
			};
			name = Debug;
		};
		7F621F16282E46C3007FE06B /* Release */ = {
			isa = XCBuildConfiguration;
			buildSettings = {
				ASSETCATALOG_COMPILER_APPICON_NAME = AppIcon;
				ASSETCATALOG_COMPILER_GLOBAL_ACCENT_COLOR_NAME = AccentColor;
				CODE_SIGN_STYLE = Automatic;
				CURRENT_PROJECT_VERSION = 1;
				DEVELOPMENT_ASSET_PATHS = "\"Macro-Challenge-Hurricane/Preview Content\"";
				DEVELOPMENT_TEAM = PLX9GGVS7R;
				ENABLE_PREVIEWS = YES;
				GENERATE_INFOPLIST_FILE = YES;
				INFOPLIST_FILE = "Macro-Challenge-Hurricane/Info.plist";
				INFOPLIST_KEY_CFBundleDisplayName = StreaMochi;
				INFOPLIST_KEY_UIApplicationSceneManifest_Generation = YES;
				INFOPLIST_KEY_UIApplicationSupportsIndirectInputEvents = YES;
				INFOPLIST_KEY_UILaunchScreen_Generation = YES;
				INFOPLIST_KEY_UISupportedInterfaceOrientations_iPad = "UIInterfaceOrientationPortrait UIInterfaceOrientationPortraitUpsideDown UIInterfaceOrientationLandscapeLeft UIInterfaceOrientationLandscapeRight";
				INFOPLIST_KEY_UISupportedInterfaceOrientations_iPhone = "UIInterfaceOrientationPortrait UIInterfaceOrientationLandscapeLeft UIInterfaceOrientationLandscapeRight";
				LD_RUNPATH_SEARCH_PATHS = (
					"$(inherited)",
					"@executable_path/Frameworks",
				);
				MARKETING_VERSION = 1.0;
				PRODUCT_BUNDLE_IDENTIFIER = "com.appleacademy.Macro-Challenge-Hurricane";
				PRODUCT_NAME = "$(TARGET_NAME)";
				SWIFT_EMIT_LOC_STRINGS = YES;
				SWIFT_VERSION = 5.0;
				TARGETED_DEVICE_FAMILY = "1,2";
			};
			name = Release;
		};
/* End XCBuildConfiguration section */

/* Begin XCConfigurationList section */
		7F621F01282E46C2007FE06B /* Build configuration list for PBXProject "Macro-Challenge-Hurricane" */ = {
			isa = XCConfigurationList;
			buildConfigurations = (
				7F621F12282E46C3007FE06B /* Debug */,
				7F621F13282E46C3007FE06B /* Release */,
			);
			defaultConfigurationIsVisible = 0;
			defaultConfigurationName = Release;
		};
		7F621F14282E46C3007FE06B /* Build configuration list for PBXNativeTarget "Macro-Challenge-Hurricane" */ = {
			isa = XCConfigurationList;
			buildConfigurations = (
				7F621F15282E46C3007FE06B /* Debug */,
				7F621F16282E46C3007FE06B /* Release */,
			);
			defaultConfigurationIsVisible = 0;
			defaultConfigurationName = Release;
		};
/* End XCConfigurationList section */

/* Begin XCRemoteSwiftPackageReference section */
		7F658BE72844BE04004A6768 /* XCRemoteSwiftPackageReference "RealHTTP" */ = {
			isa = XCRemoteSwiftPackageReference;
			repositoryURL = "https://github.com/immobiliare/RealHTTP";
			requirement = {
				kind = upToNextMajorVersion;
				minimumVersion = 1.0.0;
			};
		};
		963D5A992834EA59008ECEC7 /* XCRemoteSwiftPackageReference "lottie-ios" */ = {
			isa = XCRemoteSwiftPackageReference;
			repositoryURL = "https://github.com/airbnb/lottie-ios";
			requirement = {
				kind = upToNextMajorVersion;
				minimumVersion = 3.0.0;
			};
		};
/* End XCRemoteSwiftPackageReference section */

/* Begin XCSwiftPackageProductDependency section */
		7F658BE82844BE04004A6768 /* RealHTTP */ = {
			isa = XCSwiftPackageProductDependency;
			package = 7F658BE72844BE04004A6768 /* XCRemoteSwiftPackageReference "RealHTTP" */;
			productName = RealHTTP;
		};
		963D5A9A2834EA59008ECEC7 /* Lottie */ = {
			isa = XCSwiftPackageProductDependency;
			package = 963D5A992834EA59008ECEC7 /* XCRemoteSwiftPackageReference "lottie-ios" */;
			productName = Lottie;
		};
/* End XCSwiftPackageProductDependency section */
	};
	rootObject = 7F621EFE282E46C2007FE06B /* Project object */;
}
