{
  "pins" : [
    {
      "identity" : "realhttp",
      "kind" : "remoteSourceControl",
      "location" : "https://github.com/immobiliare/RealHTTP",
      "state" : {
        "revision" : "12c5e2d21f34ee5fa1036a354e8e5bc2db5bf561",
        "version" : "1.5.2"
      }
    }
  ],
  "version" : 2
}
